PODS:
  - DJI-SDK-iOS (4.1.1)
  - DJI-UILibrary-iOS (4.1.1)

DEPENDENCIES:
  - DJI-SDK-iOS (~> 4.1.1)
  - DJI-UILibrary-iOS (~> 4.1.1)

SPEC CHECKSUMS:
  DJI-SDK-iOS: 4c536c208a59714a44b5f92d187013480104a863
  DJI-UILibrary-iOS: e5424bb3e38c6d7f1119f0897e0fa1cb64a980a2

PODFILE CHECKSUM: 50a4d032a999288622bfdbe43abd0dd3d23fb16d

COCOAPODS: 1.2.1
