PODS:
  - Crashlytics (3.10.1):
    - Fabric (~> 1.7.5)
  - DJI-SDK-iOS (4.5.1)
  - DJI-UXSDK-iOS (4.5.1)
  - Fabric (1.7.6)
  - NVActivityIndicatorView (4.2.1):
    - NVActivityIndicatorView/Presenter (= 4.2.1)
  - NVActivityIndicatorView/Presenter (4.2.1)

DEPENDENCIES:
  - Crashlytics
  - DJI-SDK-iOS
  - DJI-UXSDK-iOS
  - Fabric
  - NVActivityIndicatorView

SPEC REPOS:
  https://github.com/CocoaPods/Specs.git:
    - Crashlytics
    - DJI-SDK-iOS
    - DJI-UXSDK-iOS
    - Fabric
    - NVActivityIndicatorView

SPEC CHECKSUMS:
  Crashlytics: aee1a064cbbf99b32efa3f056a5f458d846bc8ff
  DJI-SDK-iOS: b8a99d90efd59855f4f1319071917a32e5536cbe
  DJI-UXSDK-iOS: 9234ccb663dde92a88c4e3836c313e982d488afd
  Fabric: f8d42c893bb187326a7968b62abe55c36a987a46
  NVActivityIndicatorView: 8068ba3ad39cb44cbaab25d89ff2546b3f092681

PODFILE CHECKSUM: 53c4f7eab3845536da89a65373eb37172f672672

COCOAPODS: 1.5.0
