// !$*UTF8*$!
{
	archiveVersion = 1;
	classes = {
	};
	objectVersion = 46;
	objects = {

/* Begin PBXBuildFile section */
		3CE750071AB5BA74549BA1D4 /* Pods_HMDUITests.framework in Frameworks */ = {isa = PBXBuildFile; fileRef = 6D47C10CB3A88CAED2B15AB8 /* Pods_HMDUITests.framework */; };
		A26F24551EC19AE400653846 /* CGRect+Resize.swift in Sources */ = {isa = PBXBuildFile; fileRef = A26F24541EC19AE400653846 /* CGRect+Resize.swift */; };
		A272BC7E1EC2F74300577941 /* HMDCentreDatumLayer.swift in Sources */ = {isa = PBXBuildFile; fileRef = A272BC7D1EC2F74300577941 /* HMDCentreDatumLayer.swift */; };
		A275B6881EC1E8A90034A0E9 /* CATextLayer+Frame.swift in Sources */ = {isa = PBXBuildFile; fileRef = A275B6871EC1E8A90034A0E9 /* CATextLayer+Frame.swift */; };
		A2A1AA4E1EBA1C2A006970E1 /* AppDelegate.swift in Sources */ = {isa = PBXBuildFile; fileRef = A2A1AA431EBA1C2A006970E1 /* AppDelegate.swift */; };
		A2A1AA511EBA1C2A006970E1 /* HMDHeadingCursorLayer.swift in Sources */ = {isa = PBXBuildFile; fileRef = A2A1AA461EBA1C2A006970E1 /* HMDHeadingCursorLayer.swift */; };
		A2A1AA521EBA1C2A006970E1 /* HMDHeadingRenderer.swift in Sources */ = {isa = PBXBuildFile; fileRef = A2A1AA471EBA1C2A006970E1 /* HMDHeadingRenderer.swift */; };
		A2A1AA531EBA1C2A006970E1 /* HMDHeadingScaleLayer.swift in Sources */ = {isa = PBXBuildFile; fileRef = A2A1AA481EBA1C2A006970E1 /* HMDHeadingScaleLayer.swift */; };
		A2A1AA541EBA1C2A006970E1 /* HMDLayer.swift in Sources */ = {isa = PBXBuildFile; fileRef = A2A1AA491EBA1C2A006970E1 /* HMDLayer.swift */; };
		A2A1AA551EBA1C2A006970E1 /* HUDViewRenderer.swift in Sources */ = {isa = PBXBuildFile; fileRef = A2A1AA4A1EBA1C2A006970E1 /* HUDViewRenderer.swift */; };
		A2A1AA561EBA1C2A006970E1 /* Info.plist in Resources */ = {isa = PBXBuildFile; fileRef = A2A1AA4B1EBA1C2A006970E1 /* Info.plist */; };
		A2A1AA571EBA1C2A006970E1 /* HMDMisc.swift in Sources */ = {isa = PBXBuildFile; fileRef = A2A1AA4C1EBA1C2A006970E1 /* HMDMisc.swift */; };
		A2A1AA581EBA1C2A006970E1 /* ViewController.swift in Sources */ = {isa = PBXBuildFile; fileRef = A2A1AA4D1EBA1C2A006970E1 /* ViewController.swift */; };
		A2A1AA5A1EBA1C39006970E1 /* Assets.xcassets in Resources */ = {isa = PBXBuildFile; fileRef = A2A1AA591EBA1C39006970E1 /* Assets.xcassets */; };
		A2A1AA5F1EBA1C5C006970E1 /* LaunchScreen.storyboard in Resources */ = {isa = PBXBuildFile; fileRef = A2A1AA5B1EBA1C5C006970E1 /* LaunchScreen.storyboard */; };
		A2A1AA601EBA1C5C006970E1 /* Main.storyboard in Resources */ = {isa = PBXBuildFile; fileRef = A2A1AA5D1EBA1C5C006970E1 /* Main.storyboard */; };
		A2A1AA631EBA1C78006970E1 /* Main.storyboard in Resources */ = {isa = PBXBuildFile; fileRef = A2A1AA611EBA1C78006970E1 /* Main.storyboard */; };
		A2A1AA6D1EBA1CDA006970E1 /* HMD.xcdatamodeld in Sources */ = {isa = PBXBuildFile; fileRef = A2A1AA6C1EBA1CDA006970E1 /* HMD.xcdatamodeld */; };
		A2A1AA831EBA1E2C006970E1 /* HMDUITests.swift in Sources */ = {isa = PBXBuildFile; fileRef = A2A1AA821EBA1E2C006970E1 /* HMDUITests.swift */; };
		A2A1AA911EBA1E36006970E1 /* HMDTests.swift in Sources */ = {isa = PBXBuildFile; fileRef = A2A1AA901EBA1E36006970E1 /* HMDTests.swift */; };
		A2A1AAA41EBC9AE3006970E1 /* HeadTracker.mm in Sources */ = {isa = PBXBuildFile; fileRef = A2A1AA9A1EBC9AE3006970E1 /* HeadTracker.mm */; };
		A2A1AAA51EBC9AE3006970E1 /* Matrix3x3d.mm in Sources */ = {isa = PBXBuildFile; fileRef = A2A1AA9D1EBC9AE3006970E1 /* Matrix3x3d.mm */; };
		A2A1AAA61EBC9AE3006970E1 /* OrientationEKF.mm in Sources */ = {isa = PBXBuildFile; fileRef = A2A1AA9F1EBC9AE3006970E1 /* OrientationEKF.mm */; };
		A2A1AAA71EBC9AE3006970E1 /* SO3Util.mm in Sources */ = {isa = PBXBuildFile; fileRef = A2A1AAA11EBC9AE3006970E1 /* SO3Util.mm */; };
		A2A1AAA81EBC9AE3006970E1 /* Vector3d.mm in Sources */ = {isa = PBXBuildFile; fileRef = A2A1AAA31EBC9AE3006970E1 /* Vector3d.mm */; };
		A2A1AAB11EBD6EF0006970E1 /* HMDAltitudeRenderer.swift in Sources */ = {isa = PBXBuildFile; fileRef = A2A1AAB01EBD6EF0006970E1 /* HMDAltitudeRenderer.swift */; };
		A2A1AAB31EBD6F96006970E1 /* HMDLowAltitudeScaleLayer.swift in Sources */ = {isa = PBXBuildFile; fileRef = A2A1AAB21EBD6F96006970E1 /* HMDLowAltitudeScaleLayer.swift */; };
		A2A1AAB51EBD6FC1006970E1 /* HMDHighAltitudeScaleLayer.swift in Sources */ = {isa = PBXBuildFile; fileRef = A2A1AAB41EBD6FC1006970E1 /* HMDHighAltitudeScaleLayer.swift */; };
		A2A1AAB71EBD7098006970E1 /* HMDBarometricAltitudeLabelLayer.swift in Sources */ = {isa = PBXBuildFile; fileRef = A2A1AAB61EBD7098006970E1 /* HMDBarometricAltitudeLabelLayer.swift */; };
		A2A1AAB81EBD71F2006970E1 /* HeadTracker.h in Sources */ = {isa = PBXBuildFile; fileRef = A2A1AA991EBC9AE3006970E1 /* HeadTracker.h */; };
		A2A1AAB91EBD71FA006970E1 /* Matrix3x3d.h in Sources */ = {isa = PBXBuildFile; fileRef = A2A1AA9C1EBC9AE3006970E1 /* Matrix3x3d.h */; };
		A2A1AABA1EBD71FA006970E1 /* OrientationEKF.h in Sources */ = {isa = PBXBuildFile; fileRef = A2A1AA9E1EBC9AE3006970E1 /* OrientationEKF.h */; };
		A2A1AABB1EBD71FA006970E1 /* SO3Util.h in Sources */ = {isa = PBXBuildFile; fileRef = A2A1AAA01EBC9AE3006970E1 /* SO3Util.h */; };
		A2A1AABC1EBD71FA006970E1 /* Vector3d.h in Sources */ = {isa = PBXBuildFile; fileRef = A2A1AAA21EBC9AE3006970E1 /* Vector3d.h */; };
		A2A1AAC01EBD89A0006970E1 /* GLKit.framework in Frameworks */ = {isa = PBXBuildFile; fileRef = A2A1AABF1EBD89A0006970E1 /* GLKit.framework */; };
		A2A1AAC21EBD89A7006970E1 /* CoreMotion.framework in Frameworks */ = {isa = PBXBuildFile; fileRef = A2A1AAC11EBD89A7006970E1 /* CoreMotion.framework */; };
		A2A1AAC41EBD89AD006970E1 /* CoreLocation.framework in Frameworks */ = {isa = PBXBuildFile; fileRef = A2A1AAC31EBD89AD006970E1 /* CoreLocation.framework */; };
		A2A1AAC71EBD9526006970E1 /* HeadTransform.mm in Sources */ = {isa = PBXBuildFile; fileRef = A2A1AAC61EBD9526006970E1 /* HeadTransform.mm */; };
		A2A1AACB1EBDD266006970E1 /* HMDAttitudeRenderer.swift in Sources */ = {isa = PBXBuildFile; fileRef = A2A1AACA1EBDD266006970E1 /* HMDAttitudeRenderer.swift */; };
		A2A1AACD1EBDD2A9006970E1 /* HMDBankScaleLayer.swift in Sources */ = {isa = PBXBuildFile; fileRef = A2A1AACC1EBDD2A9006970E1 /* HMDBankScaleLayer.swift */; };
		A2A1AACF1EBDD56D006970E1 /* HMDPitchLadderLayer.swift in Sources */ = {isa = PBXBuildFile; fileRef = A2A1AACE1EBDD56D006970E1 /* HMDPitchLadderLayer.swift */; };
		A2A1AAD11EBDE340006970E1 /* HMDSideslipLayer.swift in Sources */ = {isa = PBXBuildFile; fileRef = A2A1AAD01EBDE340006970E1 /* HMDSideslipLayer.swift */; };
		A2A1AAD31EBDE3C6006970E1 /* HMDSpeedRenderer.swift in Sources */ = {isa = PBXBuildFile; fileRef = A2A1AAD21EBDE3C6006970E1 /* HMDSpeedRenderer.swift */; };
		A2A1AAD51EBDE4D2006970E1 /* HMDAirspeedLabelLayer.swift in Sources */ = {isa = PBXBuildFile; fileRef = A2A1AAD41EBDE4D2006970E1 /* HMDAirspeedLabelLayer.swift */; };
		A2A1AAD81EBDE6E3006970E1 /* HMDGroundSpeedLayer.swift in Sources */ = {isa = PBXBuildFile; fileRef = A2A1AAD71EBDE6E3006970E1 /* HMDGroundSpeedLayer.swift */; };
		A2A1AADA1EBF2CB7006970E1 /* HMDHoverVectorLayer.swift in Sources */ = {isa = PBXBuildFile; fileRef = A2A1AAD91EBF2CB7006970E1 /* HMDHoverVectorLayer.swift */; };
		A2A1AADF1EBF3177006970E1 /* HMDAltitudeStickLayer.swift in Sources */ = {isa = PBXBuildFile; fileRef = A2A1AADE1EBF3177006970E1 /* HMDAltitudeStickLayer.swift */; };
		A2A1AAE11EBF3CE5006970E1 /* HMDVerticalSpeedIndicatorLayer.swift in Sources */ = {isa = PBXBuildFile; fileRef = A2A1AAE01EBF3CE5006970E1 /* HMDVerticalSpeedIndicatorLayer.swift */; };
		A2A1AAE31EBF401F006970E1 /* CALayer+Extensions.swift in Sources */ = {isa = PBXBuildFile; fileRef = A2A1AAE21EBF401F006970E1 /* CALayer+Extensions.swift */; };
		A2A1AAE51EBF49DD006970E1 /* HMDRadarAltitudeLabelLayer.swift in Sources */ = {isa = PBXBuildFile; fileRef = A2A1AAE41EBF49DC006970E1 /* HMDRadarAltitudeLabelLayer.swift */; };
		A2A1AAE71EBF5066006970E1 /* String+Extensions.swift in Sources */ = {isa = PBXBuildFile; fileRef = A2A1AAE61EBF5066006970E1 /* String+Extensions.swift */; };
		A2A1AAE91EBF52A3006970E1 /* HMDSafetySetting.swift in Sources */ = {isa = PBXBuildFile; fileRef = A2A1AAE81EBF52A3006970E1 /* HMDSafetySetting.swift */; };
		A2A1AAEB1EBF5FC9006970E1 /* CGFloat+Extensions.swift in Sources */ = {isa = PBXBuildFile; fileRef = A2A1AAEA1EBF5FC9006970E1 /* CGFloat+Extensions.swift */; };
		A2A1AAED1EBF6216006970E1 /* UIColor+RGB.swift in Sources */ = {isa = PBXBuildFile; fileRef = A2A1AAEC1EBF6216006970E1 /* UIColor+RGB.swift */; };
		A2A1AAEF1EBF62D1006970E1 /* UIColor+MoreColors.swift in Sources */ = {isa = PBXBuildFile; fileRef = A2A1AAEE1EBF62D1006970E1 /* UIColor+MoreColors.swift */; };
		A2AD7CCB1EC045D600E687B6 /* HMDLowAltitudeScaleLayer.swift in Sources */ = {isa = PBXBuildFile; fileRef = A2A1AAB21EBD6F96006970E1 /* HMDLowAltitudeScaleLayer.swift */; };
		A2AD7CCC1EC045D700E687B6 /* HMDLowAltitudeScaleLayer.swift in Sources */ = {isa = PBXBuildFile; fileRef = A2A1AAB21EBD6F96006970E1 /* HMDLowAltitudeScaleLayer.swift */; };
		A2AD7CCD1EC045DA00E687B6 /* HMDVerticalSpeedIndicatorLayer.swift in Sources */ = {isa = PBXBuildFile; fileRef = A2A1AAE01EBF3CE5006970E1 /* HMDVerticalSpeedIndicatorLayer.swift */; };
		A2AD7CCE1EC045DB00E687B6 /* HMDVerticalSpeedIndicatorLayer.swift in Sources */ = {isa = PBXBuildFile; fileRef = A2A1AAE01EBF3CE5006970E1 /* HMDVerticalSpeedIndicatorLayer.swift */; };
		A2AD7CCF1EC045DD00E687B6 /* HMDAltitudeRenderer.swift in Sources */ = {isa = PBXBuildFile; fileRef = A2A1AAB01EBD6EF0006970E1 /* HMDAltitudeRenderer.swift */; };
		A2AD7CD01EC045DD00E687B6 /* HMDAltitudeRenderer.swift in Sources */ = {isa = PBXBuildFile; fileRef = A2A1AAB01EBD6EF0006970E1 /* HMDAltitudeRenderer.swift */; };
		A2AD7CD11EC045E100E687B6 /* HMDLayer.swift in Sources */ = {isa = PBXBuildFile; fileRef = A2A1AA491EBA1C2A006970E1 /* HMDLayer.swift */; };
		A2AD7CD21EC045E200E687B6 /* HMDLayer.swift in Sources */ = {isa = PBXBuildFile; fileRef = A2A1AA491EBA1C2A006970E1 /* HMDLayer.swift */; };
		A2AD7CD31EC045E600E687B6 /* AppDelegate.swift in Sources */ = {isa = PBXBuildFile; fileRef = A2A1AA431EBA1C2A006970E1 /* AppDelegate.swift */; };
		A2AD7CD41EC045E600E687B6 /* AppDelegate.swift in Sources */ = {isa = PBXBuildFile; fileRef = A2A1AA431EBA1C2A006970E1 /* AppDelegate.swift */; };
		A2AD7CD51EC045E900E687B6 /* HUDViewRenderer.swift in Sources */ = {isa = PBXBuildFile; fileRef = A2A1AA4A1EBA1C2A006970E1 /* HUDViewRenderer.swift */; };
		A2AD7CD61EC045E900E687B6 /* HUDViewRenderer.swift in Sources */ = {isa = PBXBuildFile; fileRef = A2A1AA4A1EBA1C2A006970E1 /* HUDViewRenderer.swift */; };
		A2AD7CD71EC045EC00E687B6 /* ViewController.swift in Sources */ = {isa = PBXBuildFile; fileRef = A2A1AA4D1EBA1C2A006970E1 /* ViewController.swift */; };
		A2AD7CD81EC045EC00E687B6 /* ViewController.swift in Sources */ = {isa = PBXBuildFile; fileRef = A2A1AA4D1EBA1C2A006970E1 /* ViewController.swift */; };
		A2AD7CD91EC045F500E687B6 /* HMDHighAltitudeScaleLayer.swift in Sources */ = {isa = PBXBuildFile; fileRef = A2A1AAB41EBD6FC1006970E1 /* HMDHighAltitudeScaleLayer.swift */; };
		A2AD7CDA1EC045F500E687B6 /* HMDHighAltitudeScaleLayer.swift in Sources */ = {isa = PBXBuildFile; fileRef = A2A1AAB41EBD6FC1006970E1 /* HMDHighAltitudeScaleLayer.swift */; };
		A2AD7CDB1EC045F700E687B6 /* HMDBarometricAltitudeLabelLayer.swift in Sources */ = {isa = PBXBuildFile; fileRef = A2A1AAB61EBD7098006970E1 /* HMDBarometricAltitudeLabelLayer.swift */; };
		A2AD7CDC1EC045F800E687B6 /* HMDBarometricAltitudeLabelLayer.swift in Sources */ = {isa = PBXBuildFile; fileRef = A2A1AAB61EBD7098006970E1 /* HMDBarometricAltitudeLabelLayer.swift */; };
		A2AD7CDD1EC0463400E687B6 /* CALayer+Extensions.swift in Sources */ = {isa = PBXBuildFile; fileRef = A2A1AAE21EBF401F006970E1 /* CALayer+Extensions.swift */; };
		A2AD7CDE1EC0463500E687B6 /* CALayer+Extensions.swift in Sources */ = {isa = PBXBuildFile; fileRef = A2A1AAE21EBF401F006970E1 /* CALayer+Extensions.swift */; };
		A2AD7CDF1EC0463700E687B6 /* HMDMisc.swift in Sources */ = {isa = PBXBuildFile; fileRef = A2A1AA4C1EBA1C2A006970E1 /* HMDMisc.swift */; };
		A2AD7CE01EC0463700E687B6 /* HMDMisc.swift in Sources */ = {isa = PBXBuildFile; fileRef = A2A1AA4C1EBA1C2A006970E1 /* HMDMisc.swift */; };
		A2AD7CE11EC0463A00E687B6 /* HMDSafetySetting.swift in Sources */ = {isa = PBXBuildFile; fileRef = A2A1AAE81EBF52A3006970E1 /* HMDSafetySetting.swift */; };
		A2AD7CE21EC0463A00E687B6 /* HMDSafetySetting.swift in Sources */ = {isa = PBXBuildFile; fileRef = A2A1AAE81EBF52A3006970E1 /* HMDSafetySetting.swift */; };
		A2AD7CE31EC0463D00E687B6 /* String+Extensions.swift in Sources */ = {isa = PBXBuildFile; fileRef = A2A1AAE61EBF5066006970E1 /* String+Extensions.swift */; };
		A2AD7CE41EC0463D00E687B6 /* String+Extensions.swift in Sources */ = {isa = PBXBuildFile; fileRef = A2A1AAE61EBF5066006970E1 /* String+Extensions.swift */; };
		A2AD7CE51EC0464000E687B6 /* CGFloat+Extensions.swift in Sources */ = {isa = PBXBuildFile; fileRef = A2A1AAEA1EBF5FC9006970E1 /* CGFloat+Extensions.swift */; };
		A2AD7CE61EC0464000E687B6 /* CGFloat+Extensions.swift in Sources */ = {isa = PBXBuildFile; fileRef = A2A1AAEA1EBF5FC9006970E1 /* CGFloat+Extensions.swift */; };
		A2AD7CE71EC0464400E687B6 /* UIColor+RGB.swift in Sources */ = {isa = PBXBuildFile; fileRef = A2A1AAEC1EBF6216006970E1 /* UIColor+RGB.swift */; };
		A2AD7CE81EC0464400E687B6 /* UIColor+MoreColors.swift in Sources */ = {isa = PBXBuildFile; fileRef = A2A1AAEE1EBF62D1006970E1 /* UIColor+MoreColors.swift */; };
		A2AD7CE91EC0464400E687B6 /* UIColor+RGB.swift in Sources */ = {isa = PBXBuildFile; fileRef = A2A1AAEC1EBF6216006970E1 /* UIColor+RGB.swift */; };
		A2AD7CEA1EC0464400E687B6 /* UIColor+MoreColors.swift in Sources */ = {isa = PBXBuildFile; fileRef = A2A1AAEE1EBF62D1006970E1 /* UIColor+MoreColors.swift */; };
		A2AD7CEB1EC0465500E687B6 /* HMDRadarAltitudeLabelLayer.swift in Sources */ = {isa = PBXBuildFile; fileRef = A2A1AAE41EBF49DC006970E1 /* HMDRadarAltitudeLabelLayer.swift */; };
		A2AD7CED1EC0465500E687B6 /* HMDAltitudeStickLayer.swift in Sources */ = {isa = PBXBuildFile; fileRef = A2A1AADE1EBF3177006970E1 /* HMDAltitudeStickLayer.swift */; };
		A2AD7CEE1EC0465500E687B6 /* HMDRadarAltitudeLabelLayer.swift in Sources */ = {isa = PBXBuildFile; fileRef = A2A1AAE41EBF49DC006970E1 /* HMDRadarAltitudeLabelLayer.swift */; };
		A2AD7CF01EC0465500E687B6 /* HMDAltitudeStickLayer.swift in Sources */ = {isa = PBXBuildFile; fileRef = A2A1AADE1EBF3177006970E1 /* HMDAltitudeStickLayer.swift */; };
		A2AD7CF11EC0465A00E687B6 /* HMDHeadingRenderer.swift in Sources */ = {isa = PBXBuildFile; fileRef = A2A1AA471EBA1C2A006970E1 /* HMDHeadingRenderer.swift */; };
		A2AD7CF21EC0465A00E687B6 /* HMDHeadingScaleLayer.swift in Sources */ = {isa = PBXBuildFile; fileRef = A2A1AA481EBA1C2A006970E1 /* HMDHeadingScaleLayer.swift */; };
		A2AD7CF31EC0465A00E687B6 /* HMDHeadingCursorLayer.swift in Sources */ = {isa = PBXBuildFile; fileRef = A2A1AA461EBA1C2A006970E1 /* HMDHeadingCursorLayer.swift */; };
		A2AD7CF41EC0465B00E687B6 /* HMDHeadingRenderer.swift in Sources */ = {isa = PBXBuildFile; fileRef = A2A1AA471EBA1C2A006970E1 /* HMDHeadingRenderer.swift */; };
		A2AD7CF51EC0465B00E687B6 /* HMDHeadingScaleLayer.swift in Sources */ = {isa = PBXBuildFile; fileRef = A2A1AA481EBA1C2A006970E1 /* HMDHeadingScaleLayer.swift */; };
		A2AD7CF61EC0465B00E687B6 /* HMDHeadingCursorLayer.swift in Sources */ = {isa = PBXBuildFile; fileRef = A2A1AA461EBA1C2A006970E1 /* HMDHeadingCursorLayer.swift */; };
		A2AD7CF71EC0468600E687B6 /* Matrix3x3d.mm in Sources */ = {isa = PBXBuildFile; fileRef = A2A1AA9D1EBC9AE3006970E1 /* Matrix3x3d.mm */; };
		A2AD7CF81EC0468600E687B6 /* OrientationEKF.mm in Sources */ = {isa = PBXBuildFile; fileRef = A2A1AA9F1EBC9AE3006970E1 /* OrientationEKF.mm */; };
		A2AD7CF91EC0468600E687B6 /* SO3Util.mm in Sources */ = {isa = PBXBuildFile; fileRef = A2A1AAA11EBC9AE3006970E1 /* SO3Util.mm */; };
		A2AD7CFA1EC0468600E687B6 /* Vector3d.mm in Sources */ = {isa = PBXBuildFile; fileRef = A2A1AAA31EBC9AE3006970E1 /* Vector3d.mm */; };
		A2AD7CFB1EC0468600E687B6 /* Matrix3x3d.mm in Sources */ = {isa = PBXBuildFile; fileRef = A2A1AA9D1EBC9AE3006970E1 /* Matrix3x3d.mm */; };
		A2AD7CFC1EC0468600E687B6 /* OrientationEKF.mm in Sources */ = {isa = PBXBuildFile; fileRef = A2A1AA9F1EBC9AE3006970E1 /* OrientationEKF.mm */; };
		A2AD7CFD1EC0468600E687B6 /* SO3Util.mm in Sources */ = {isa = PBXBuildFile; fileRef = A2A1AAA11EBC9AE3006970E1 /* SO3Util.mm */; };
		A2AD7CFE1EC0468600E687B6 /* Vector3d.mm in Sources */ = {isa = PBXBuildFile; fileRef = A2A1AAA31EBC9AE3006970E1 /* Vector3d.mm */; };
		A2AD7CFF1EC0468A00E687B6 /* HeadTransform.mm in Sources */ = {isa = PBXBuildFile; fileRef = A2A1AAC61EBD9526006970E1 /* HeadTransform.mm */; };
		A2AD7D001EC0468A00E687B6 /* HeadTracker.mm in Sources */ = {isa = PBXBuildFile; fileRef = A2A1AA9A1EBC9AE3006970E1 /* HeadTracker.mm */; };
		A2AD7D011EC0468A00E687B6 /* HeadTransform.mm in Sources */ = {isa = PBXBuildFile; fileRef = A2A1AAC61EBD9526006970E1 /* HeadTransform.mm */; };
		A2AD7D021EC0468A00E687B6 /* HeadTracker.mm in Sources */ = {isa = PBXBuildFile; fileRef = A2A1AA9A1EBC9AE3006970E1 /* HeadTracker.mm */; };
		BE4446F66FB081FD25AAA4EB /* Pods_HMD.framework in Frameworks */ = {isa = PBXBuildFile; fileRef = 78AEEA99F464A8A433A02C9A /* Pods_HMD.framework */; };
		FA6881A0B18AB678C8B846AD /* Pods_HMDTests.framework in Frameworks */ = {isa = PBXBuildFile; fileRef = B0FCCCAF074DB72C5675D82D /* Pods_HMDTests.framework */; };
/* End PBXBuildFile section */

/* Begin PBXContainerItemProxy section */
		A2A1AA851EBA1E2C006970E1 /* PBXContainerItemProxy */ = {
			isa = PBXContainerItemProxy;
			containerPortal = A24BBF241E56840300EBF428 /* Project object */;
			proxyType = 1;
			remoteGlobalIDString = A24BBF2B1E56840300EBF428;
			remoteInfo = HMD;
		};
		A2A1AA931EBA1E36006970E1 /* PBXContainerItemProxy */ = {
			isa = PBXContainerItemProxy;
			containerPortal = A24BBF241E56840300EBF428 /* Project object */;
			proxyType = 1;
			remoteGlobalIDString = A24BBF2B1E56840300EBF428;
			remoteInfo = HMD;
		};
/* End PBXContainerItemProxy section */

/* Begin PBXFileReference section */
		2405F073441FA0DE6076C47A /* Pods-HMD.release.xcconfig */ = {isa = PBXFileReference; includeInIndex = 1; lastKnownFileType = text.xcconfig; name = "Pods-HMD.release.xcconfig"; path = "Pods/Target Support Files/Pods-HMD/Pods-HMD.release.xcconfig"; sourceTree = "<group>"; };
		6D47C10CB3A88CAED2B15AB8 /* Pods_HMDUITests.framework */ = {isa = PBXFileReference; explicitFileType = wrapper.framework; includeInIndex = 0; path = Pods_HMDUITests.framework; sourceTree = BUILT_PRODUCTS_DIR; };
		78AEEA99F464A8A433A02C9A /* Pods_HMD.framework */ = {isa = PBXFileReference; explicitFileType = wrapper.framework; includeInIndex = 0; path = Pods_HMD.framework; sourceTree = BUILT_PRODUCTS_DIR; };
		8759FD739E0B60CFCB1DBAD2 /* Pods-HMDUITests.release.xcconfig */ = {isa = PBXFileReference; includeInIndex = 1; lastKnownFileType = text.xcconfig; name = "Pods-HMDUITests.release.xcconfig"; path = "Pods/Target Support Files/Pods-HMDUITests/Pods-HMDUITests.release.xcconfig"; sourceTree = "<group>"; };
		8FA6C228927FFF91E9382361 /* Pods-HMDUITests.debug.xcconfig */ = {isa = PBXFileReference; includeInIndex = 1; lastKnownFileType = text.xcconfig; name = "Pods-HMDUITests.debug.xcconfig"; path = "Pods/Target Support Files/Pods-HMDUITests/Pods-HMDUITests.debug.xcconfig"; sourceTree = "<group>"; };
		A24BBF2C1E56840300EBF428 /* HMD.app */ = {isa = PBXFileReference; explicitFileType = wrapper.application; includeInIndex = 0; path = HMD.app; sourceTree = BUILT_PRODUCTS_DIR; };
		A26F24541EC19AE400653846 /* CGRect+Resize.swift */ = {isa = PBXFileReference; fileEncoding = 4; lastKnownFileType = sourcecode.swift; path = "CGRect+Resize.swift"; sourceTree = SOURCE_ROOT; };
		A272BC7D1EC2F74300577941 /* HMDCentreDatumLayer.swift */ = {isa = PBXFileReference; fileEncoding = 4; lastKnownFileType = sourcecode.swift; path = HMDCentreDatumLayer.swift; sourceTree = SOURCE_ROOT; };
		A275B6871EC1E8A90034A0E9 /* CATextLayer+Frame.swift */ = {isa = PBXFileReference; fileEncoding = 4; lastKnownFileType = sourcecode.swift; path = "CATextLayer+Frame.swift"; sourceTree = SOURCE_ROOT; };
		A2A1AA431EBA1C2A006970E1 /* AppDelegate.swift */ = {isa = PBXFileReference; fileEncoding = 4; lastKnownFileType = sourcecode.swift; name = AppDelegate.swift; path = HMD/AppDelegate.swift; sourceTree = SOURCE_ROOT; };
		A2A1AA461EBA1C2A006970E1 /* HMDHeadingCursorLayer.swift */ = {isa = PBXFileReference; fileEncoding = 4; lastKnownFileType = sourcecode.swift; name = HMDHeadingCursorLayer.swift; path = HMD/HMDHeadingCursorLayer.swift; sourceTree = SOURCE_ROOT; };
		A2A1AA471EBA1C2A006970E1 /* HMDHeadingRenderer.swift */ = {isa = PBXFileReference; fileEncoding = 4; lastKnownFileType = sourcecode.swift; name = HMDHeadingRenderer.swift; path = HMD/HMDHeadingRenderer.swift; sourceTree = SOURCE_ROOT; };
		A2A1AA481EBA1C2A006970E1 /* HMDHeadingScaleLayer.swift */ = {isa = PBXFileReference; fileEncoding = 4; lastKnownFileType = sourcecode.swift; name = HMDHeadingScaleLayer.swift; path = HMD/HMDHeadingScaleLayer.swift; sourceTree = SOURCE_ROOT; };
		A2A1AA491EBA1C2A006970E1 /* HMDLayer.swift */ = {isa = PBXFileReference; fileEncoding = 4; lastKnownFileType = sourcecode.swift; name = HMDLayer.swift; path = HMD/HMDLayer.swift; sourceTree = SOURCE_ROOT; };
		A2A1AA4A1EBA1C2A006970E1 /* HUDViewRenderer.swift */ = {isa = PBXFileReference; fileEncoding = 4; lastKnownFileType = sourcecode.swift; name = HUDViewRenderer.swift; path = HMD/HUDViewRenderer.swift; sourceTree = SOURCE_ROOT; };
		A2A1AA4B1EBA1C2A006970E1 /* Info.plist */ = {isa = PBXFileReference; fileEncoding = 4; lastKnownFileType = text.plist.xml; name = Info.plist; path = HMD/Info.plist; sourceTree = SOURCE_ROOT; };
		A2A1AA4C1EBA1C2A006970E1 /* HMDMisc.swift */ = {isa = PBXFileReference; fileEncoding = 4; lastKnownFileType = sourcecode.swift; name = HMDMisc.swift; path = HMD/HMDMisc.swift; sourceTree = SOURCE_ROOT; };
		A2A1AA4D1EBA1C2A006970E1 /* ViewController.swift */ = {isa = PBXFileReference; fileEncoding = 4; lastKnownFileType = sourcecode.swift; name = ViewController.swift; path = HMD/ViewController.swift; sourceTree = SOURCE_ROOT; };
		A2A1AA591EBA1C39006970E1 /* Assets.xcassets */ = {isa = PBXFileReference; lastKnownFileType = folder.assetcatalog; name = Assets.xcassets; path = HMD/Assets.xcassets; sourceTree = SOURCE_ROOT; };
		A2A1AA5C1EBA1C5C006970E1 /* Base */ = {isa = PBXFileReference; lastKnownFileType = file.storyboard; name = Base; path = HMD/Base.lproj/LaunchScreen.storyboard; sourceTree = SOURCE_ROOT; };
		A2A1AA5E1EBA1C5C006970E1 /* Base */ = {isa = PBXFileReference; lastKnownFileType = file.storyboard; name = Base; path = HMD/Base.lproj/Main.storyboard; sourceTree = SOURCE_ROOT; };
		A2A1AA621EBA1C78006970E1 /* Base */ = {isa = PBXFileReference; lastKnownFileType = file.storyboard; name = Base; path = HMD/Base.lproj/Main.storyboard; sourceTree = SOURCE_ROOT; };
		A2A1AA801EBA1E2C006970E1 /* HMDUITests.xctest */ = {isa = PBXFileReference; explicitFileType = wrapper.cfbundle; includeInIndex = 0; path = HMDUITests.xctest; sourceTree = BUILT_PRODUCTS_DIR; };
		A2A1AA821EBA1E2C006970E1 /* HMDUITests.swift */ = {isa = PBXFileReference; lastKnownFileType = sourcecode.swift; path = HMDUITests.swift; sourceTree = "<group>"; };
		A2A1AA841EBA1E2C006970E1 /* Info.plist */ = {isa = PBXFileReference; lastKnownFileType = text.plist.xml; path = Info.plist; sourceTree = "<group>"; };
		A2A1AA8E1EBA1E36006970E1 /* HMDTests.xctest */ = {isa = PBXFileReference; explicitFileType = wrapper.cfbundle; includeInIndex = 0; path = HMDTests.xctest; sourceTree = BUILT_PRODUCTS_DIR; };
		A2A1AA901EBA1E36006970E1 /* HMDTests.swift */ = {isa = PBXFileReference; lastKnownFileType = sourcecode.swift; path = HMDTests.swift; sourceTree = "<group>"; };
		A2A1AA921EBA1E36006970E1 /* Info.plist */ = {isa = PBXFileReference; lastKnownFileType = text.plist.xml; path = Info.plist; sourceTree = "<group>"; };
		A2A1AA991EBC9AE3006970E1 /* HeadTracker.h */ = {isa = PBXFileReference; fileEncoding = 4; lastKnownFileType = sourcecode.c.h; path = HeadTracker.h; sourceTree = "<group>"; };
		A2A1AA9A1EBC9AE3006970E1 /* HeadTracker.mm */ = {isa = PBXFileReference; fileEncoding = 4; lastKnownFileType = sourcecode.cpp.objcpp; path = HeadTracker.mm; sourceTree = "<group>"; };
		A2A1AA9C1EBC9AE3006970E1 /* Matrix3x3d.h */ = {isa = PBXFileReference; fileEncoding = 4; lastKnownFileType = sourcecode.c.h; path = Matrix3x3d.h; sourceTree = "<group>"; };
		A2A1AA9D1EBC9AE3006970E1 /* Matrix3x3d.mm */ = {isa = PBXFileReference; fileEncoding = 4; lastKnownFileType = sourcecode.cpp.objcpp; path = Matrix3x3d.mm; sourceTree = "<group>"; };
		A2A1AA9E1EBC9AE3006970E1 /* OrientationEKF.h */ = {isa = PBXFileReference; fileEncoding = 4; lastKnownFileType = sourcecode.c.h; path = OrientationEKF.h; sourceTree = "<group>"; };
		A2A1AA9F1EBC9AE3006970E1 /* OrientationEKF.mm */ = {isa = PBXFileReference; fileEncoding = 4; lastKnownFileType = sourcecode.cpp.objcpp; path = OrientationEKF.mm; sourceTree = "<group>"; };
		A2A1AAA01EBC9AE3006970E1 /* SO3Util.h */ = {isa = PBXFileReference; fileEncoding = 4; lastKnownFileType = sourcecode.c.h; path = SO3Util.h; sourceTree = "<group>"; };
		A2A1AAA11EBC9AE3006970E1 /* SO3Util.mm */ = {isa = PBXFileReference; fileEncoding = 4; lastKnownFileType = sourcecode.cpp.objcpp; path = SO3Util.mm; sourceTree = "<group>"; };
		A2A1AAA21EBC9AE3006970E1 /* Vector3d.h */ = {isa = PBXFileReference; fileEncoding = 4; lastKnownFileType = sourcecode.c.h; path = Vector3d.h; sourceTree = "<group>"; };
		A2A1AAA31EBC9AE3006970E1 /* Vector3d.mm */ = {isa = PBXFileReference; fileEncoding = 4; lastKnownFileType = sourcecode.cpp.objcpp; path = Vector3d.mm; sourceTree = "<group>"; };
		A2A1AAB01EBD6EF0006970E1 /* HMDAltitudeRenderer.swift */ = {isa = PBXFileReference; fileEncoding = 4; lastKnownFileType = sourcecode.swift; name = HMDAltitudeRenderer.swift; path = HMD/HMDAltitudeRenderer.swift; sourceTree = SOURCE_ROOT; };
		A2A1AAB21EBD6F96006970E1 /* HMDLowAltitudeScaleLayer.swift */ = {isa = PBXFileReference; fileEncoding = 4; lastKnownFileType = sourcecode.swift; name = HMDLowAltitudeScaleLayer.swift; path = HMD/HMDLowAltitudeScaleLayer.swift; sourceTree = SOURCE_ROOT; };
		A2A1AAB41EBD6FC1006970E1 /* HMDHighAltitudeScaleLayer.swift */ = {isa = PBXFileReference; fileEncoding = 4; lastKnownFileType = sourcecode.swift; name = HMDHighAltitudeScaleLayer.swift; path = HMD/HMDHighAltitudeScaleLayer.swift; sourceTree = SOURCE_ROOT; };
		A2A1AAB61EBD7098006970E1 /* HMDBarometricAltitudeLabelLayer.swift */ = {isa = PBXFileReference; fileEncoding = 4; lastKnownFileType = sourcecode.swift; name = HMDBarometricAltitudeLabelLayer.swift; path = HMD/HMDBarometricAltitudeLabelLayer.swift; sourceTree = SOURCE_ROOT; };
		A2A1AABD1EBD7680006970E1 /* HMD-Bridging-Header.h */ = {isa = PBXFileReference; lastKnownFileType = sourcecode.c.h; path = "HMD-Bridging-Header.h"; sourceTree = "<group>"; };
		A2A1AABF1EBD89A0006970E1 /* GLKit.framework */ = {isa = PBXFileReference; lastKnownFileType = wrapper.framework; name = GLKit.framework; path = System/Library/Frameworks/GLKit.framework; sourceTree = SDKROOT; };
		A2A1AAC11EBD89A7006970E1 /* CoreMotion.framework */ = {isa = PBXFileReference; lastKnownFileType = wrapper.framework; name = CoreMotion.framework; path = System/Library/Frameworks/CoreMotion.framework; sourceTree = SDKROOT; };
		A2A1AAC31EBD89AD006970E1 /* CoreLocation.framework */ = {isa = PBXFileReference; lastKnownFileType = wrapper.framework; name = CoreLocation.framework; path = System/Library/Frameworks/CoreLocation.framework; sourceTree = SDKROOT; };
		A2A1AAC51EBD9526006970E1 /* HeadTransform.h */ = {isa = PBXFileReference; fileEncoding = 4; lastKnownFileType = sourcecode.c.h; path = HeadTransform.h; sourceTree = "<group>"; };
		A2A1AAC61EBD9526006970E1 /* HeadTransform.mm */ = {isa = PBXFileReference; fileEncoding = 4; lastKnownFileType = sourcecode.cpp.objcpp; path = HeadTransform.mm; sourceTree = "<group>"; };
		A2A1AACA1EBDD266006970E1 /* HMDAttitudeRenderer.swift */ = {isa = PBXFileReference; fileEncoding = 4; lastKnownFileType = sourcecode.swift; name = HMDAttitudeRenderer.swift; path = HMD/HMDAttitudeRenderer.swift; sourceTree = SOURCE_ROOT; };
		A2A1AACC1EBDD2A9006970E1 /* HMDBankScaleLayer.swift */ = {isa = PBXFileReference; fileEncoding = 4; lastKnownFileType = sourcecode.swift; name = HMDBankScaleLayer.swift; path = HMD/HMDBankScaleLayer.swift; sourceTree = SOURCE_ROOT; };
		A2A1AACE1EBDD56D006970E1 /* HMDPitchLadderLayer.swift */ = {isa = PBXFileReference; fileEncoding = 4; lastKnownFileType = sourcecode.swift; name = HMDPitchLadderLayer.swift; path = HMD/HMDPitchLadderLayer.swift; sourceTree = SOURCE_ROOT; };
		A2A1AAD01EBDE340006970E1 /* HMDSideslipLayer.swift */ = {isa = PBXFileReference; fileEncoding = 4; lastKnownFileType = sourcecode.swift; name = HMDSideslipLayer.swift; path = HMD/HMDSideslipLayer.swift; sourceTree = SOURCE_ROOT; };
		A2A1AAD21EBDE3C6006970E1 /* HMDSpeedRenderer.swift */ = {isa = PBXFileReference; fileEncoding = 4; lastKnownFileType = sourcecode.swift; name = HMDSpeedRenderer.swift; path = HMD/HMDSpeedRenderer.swift; sourceTree = SOURCE_ROOT; };
		A2A1AAD41EBDE4D2006970E1 /* HMDAirspeedLabelLayer.swift */ = {isa = PBXFileReference; fileEncoding = 4; lastKnownFileType = sourcecode.swift; name = HMDAirspeedLabelLayer.swift; path = HMD/HMDAirspeedLabelLayer.swift; sourceTree = SOURCE_ROOT; };
		A2A1AAD71EBDE6E3006970E1 /* HMDGroundSpeedLayer.swift */ = {isa = PBXFileReference; fileEncoding = 4; lastKnownFileType = sourcecode.swift; name = HMDGroundSpeedLayer.swift; path = HMD/HMDGroundSpeedLayer.swift; sourceTree = SOURCE_ROOT; };
		A2A1AAD91EBF2CB7006970E1 /* HMDHoverVectorLayer.swift */ = {isa = PBXFileReference; fileEncoding = 4; lastKnownFileType = sourcecode.swift; path = HMDHoverVectorLayer.swift; sourceTree = SOURCE_ROOT; };
		A2A1AADE1EBF3177006970E1 /* HMDAltitudeStickLayer.swift */ = {isa = PBXFileReference; fileEncoding = 4; lastKnownFileType = sourcecode.swift; name = HMDAltitudeStickLayer.swift; path = HMD/HMDAltitudeStickLayer.swift; sourceTree = SOURCE_ROOT; };
		A2A1AAE01EBF3CE5006970E1 /* HMDVerticalSpeedIndicatorLayer.swift */ = {isa = PBXFileReference; fileEncoding = 4; lastKnownFileType = sourcecode.swift; name = HMDVerticalSpeedIndicatorLayer.swift; path = HMD/HMDVerticalSpeedIndicatorLayer.swift; sourceTree = SOURCE_ROOT; };
		A2A1AAE21EBF401F006970E1 /* CALayer+Extensions.swift */ = {isa = PBXFileReference; fileEncoding = 4; lastKnownFileType = sourcecode.swift; path = "CALayer+Extensions.swift"; sourceTree = SOURCE_ROOT; };
		A2A1AAE41EBF49DC006970E1 /* HMDRadarAltitudeLabelLayer.swift */ = {isa = PBXFileReference; fileEncoding = 4; lastKnownFileType = sourcecode.swift; name = HMDRadarAltitudeLabelLayer.swift; path = HMD/HMDRadarAltitudeLabelLayer.swift; sourceTree = SOURCE_ROOT; };
		A2A1AAE61EBF5066006970E1 /* String+Extensions.swift */ = {isa = PBXFileReference; fileEncoding = 4; lastKnownFileType = sourcecode.swift; path = "String+Extensions.swift"; sourceTree = SOURCE_ROOT; };
		A2A1AAE81EBF52A3006970E1 /* HMDSafetySetting.swift */ = {isa = PBXFileReference; fileEncoding = 4; lastKnownFileType = sourcecode.swift; name = HMDSafetySetting.swift; path = HMD/HMDSafetySetting.swift; sourceTree = SOURCE_ROOT; };
		A2A1AAEA1EBF5FC9006970E1 /* CGFloat+Extensions.swift */ = {isa = PBXFileReference; fileEncoding = 4; lastKnownFileType = sourcecode.swift; path = "CGFloat+Extensions.swift"; sourceTree = SOURCE_ROOT; };
		A2A1AAEC1EBF6216006970E1 /* UIColor+RGB.swift */ = {isa = PBXFileReference; fileEncoding = 4; lastKnownFileType = sourcecode.swift; path = "UIColor+RGB.swift"; sourceTree = SOURCE_ROOT; };
		A2A1AAEE1EBF62D1006970E1 /* UIColor+MoreColors.swift */ = {isa = PBXFileReference; fileEncoding = 4; lastKnownFileType = sourcecode.swift; path = "UIColor+MoreColors.swift"; sourceTree = SOURCE_ROOT; };
		B0FCCCAF074DB72C5675D82D /* Pods_HMDTests.framework */ = {isa = PBXFileReference; explicitFileType = wrapper.framework; includeInIndex = 0; path = Pods_HMDTests.framework; sourceTree = BUILT_PRODUCTS_DIR; };
		E36DCA2046E21FF5EE6FBF91 /* Pods-HMDTests.debug.xcconfig */ = {isa = PBXFileReference; includeInIndex = 1; lastKnownFileType = text.xcconfig; name = "Pods-HMDTests.debug.xcconfig"; path = "Pods/Target Support Files/Pods-HMDTests/Pods-HMDTests.debug.xcconfig"; sourceTree = "<group>"; };
		F3313448B465684DFD2FC829 /* Pods-HMDTests.release.xcconfig */ = {isa = PBXFileReference; includeInIndex = 1; lastKnownFileType = text.xcconfig; name = "Pods-HMDTests.release.xcconfig"; path = "Pods/Target Support Files/Pods-HMDTests/Pods-HMDTests.release.xcconfig"; sourceTree = "<group>"; };
		F4F1C7AA6B0B6D324A53B408 /* Pods-HMD.debug.xcconfig */ = {isa = PBXFileReference; includeInIndex = 1; lastKnownFileType = text.xcconfig; name = "Pods-HMD.debug.xcconfig"; path = "Pods/Target Support Files/Pods-HMD/Pods-HMD.debug.xcconfig"; sourceTree = "<group>"; };
/* End PBXFileReference section */

/* Begin PBXFrameworksBuildPhase section */
		A24BBF291E56840300EBF428 /* Frameworks */ = {
			isa = PBXFrameworksBuildPhase;
			buildActionMask = 2147483647;
			files = (
				A2A1AAC41EBD89AD006970E1 /* CoreLocation.framework in Frameworks */,
				A2A1AAC21EBD89A7006970E1 /* CoreMotion.framework in Frameworks */,
				A2A1AAC01EBD89A0006970E1 /* GLKit.framework in Frameworks */,
				BE4446F66FB081FD25AAA4EB /* Pods_HMD.framework in Frameworks */,
			);
			runOnlyForDeploymentPostprocessing = 0;
		};
		A2A1AA7D1EBA1E2C006970E1 /* Frameworks */ = {
			isa = PBXFrameworksBuildPhase;
			buildActionMask = 2147483647;
			files = (
				3CE750071AB5BA74549BA1D4 /* Pods_HMDUITests.framework in Frameworks */,
			);
			runOnlyForDeploymentPostprocessing = 0;
		};
		A2A1AA8B1EBA1E36006970E1 /* Frameworks */ = {
			isa = PBXFrameworksBuildPhase;
			buildActionMask = 2147483647;
			files = (
				FA6881A0B18AB678C8B846AD /* Pods_HMDTests.framework in Frameworks */,
			);
			runOnlyForDeploymentPostprocessing = 0;
		};
/* End PBXFrameworksBuildPhase section */

/* Begin PBXGroup section */
		A2048AF31EC3339600C2413C /* UIColor */ = {
			isa = PBXGroup;
			children = (
				A2A1AAEC1EBF6216006970E1 /* UIColor+RGB.swift */,
				A2A1AAEE1EBF62D1006970E1 /* UIColor+MoreColors.swift */,
			);
			name = UIColor;
			sourceTree = "<group>";
		};
		A2048AF41EC333B300C2413C /* Swift */ = {
			isa = PBXGroup;
			children = (
				A2A1AAE61EBF5066006970E1 /* String+Extensions.swift */,
			);
			name = Swift;
			sourceTree = "<group>";
		};
		A2048AF51EC333C800C2413C /* UIKit */ = {
			isa = PBXGroup;
			children = (
				A2A1AAEA1EBF5FC9006970E1 /* CGFloat+Extensions.swift */,
				A26F24541EC19AE400653846 /* CGRect+Resize.swift */,
			);
			name = UIKit;
			sourceTree = "<group>";
		};
		A24BBF231E56840300EBF428 = {
			isa = PBXGroup;
			children = (
				A24BBF2E1E56840300EBF428 /* HMD */,
				A2A1AA811EBA1E2C006970E1 /* HMDUITests */,
				A2A1AA8F1EBA1E36006970E1 /* HMDTests */,
				A24BBF2D1E56840300EBF428 /* Products */,
				A2A1AABE1EBD89A0006970E1 /* Frameworks */,
				C3AF521D5CE153B9DC34AB06 /* Pods */,
			);
			sourceTree = "<group>";
		};
		A24BBF2D1E56840300EBF428 /* Products */ = {
			isa = PBXGroup;
			children = (
				A24BBF2C1E56840300EBF428 /* HMD.app */,
				A2A1AA801EBA1E2C006970E1 /* HMDUITests.xctest */,
				A2A1AA8E1EBA1E36006970E1 /* HMDTests.xctest */,
			);
			name = Products;
			sourceTree = "<group>";
		};
		A24BBF2E1E56840300EBF428 /* HMD */ = {
			isa = PBXGroup;
			children = (
				A2A1AA431EBA1C2A006970E1 /* AppDelegate.swift */,
				A2A1AA4A1EBA1C2A006970E1 /* HUDViewRenderer.swift */,
				A2A1AA4D1EBA1C2A006970E1 /* ViewController.swift */,
				A2A1AA611EBA1C78006970E1 /* Main.storyboard */,
				A2A1AA591EBA1C39006970E1 /* Assets.xcassets */,
				A2A1AA6C1EBA1CDA006970E1 /* HMD.xcdatamodeld */,
				A254BF051EAA2785005E70D9 /* AugmentedReality */,
				A2A1AA4B1EBA1C2A006970E1 /* Info.plist */,
			);
			name = HMD;
			path = Stereoscopic;
			sourceTree = "<group>";
		};
		A254BEFD1EA8DDE6005E70D9 /* HMD */ = {
			isa = PBXGroup;
			children = (
				A2A1AA491EBA1C2A006970E1 /* HMDLayer.swift */,
				A28BF8EB1EB05F200097EB4D /* HMDHeading */,
				A2A1AAA91EBD6B5D006970E1 /* HMDAltitude */,
				A2A1AAAA1EBD6D30006970E1 /* HMDAttitude */,
				A2A1AAAC1EBD6D8B006970E1 /* HMDEnginAndFuel */,
				A2A1AAAB1EBD6D40006970E1 /* HMDSpeed */,
				A2A1AAD61EBDE4E7006970E1 /* HMDMission */,
				A2A1AAAD1EBD6DBD006970E1 /* HMDMiscellaneous */,
			);
			name = HMD;
			sourceTree = "<group>";
		};
		A254BF051EAA2785005E70D9 /* AugmentedReality */ = {
			isa = PBXGroup;
			children = (
				A2A1AA981EBC9AE3006970E1 /* MotionEngine */,
				A2A1AA5B1EBA1C5C006970E1 /* LaunchScreen.storyboard */,
				A2A1AA5D1EBA1C5C006970E1 /* Main.storyboard */,
				A254BEFD1EA8DDE6005E70D9 /* HMD */,
			);
			name = AugmentedReality;
			sourceTree = "<group>";
		};
		A275B6861EC1E85B0034A0E9 /* CALayer */ = {
			isa = PBXGroup;
			children = (
				A2A1AAE21EBF401F006970E1 /* CALayer+Extensions.swift */,
				A275B6871EC1E8A90034A0E9 /* CATextLayer+Frame.swift */,
			);
			name = CALayer;
			sourceTree = "<group>";
		};
		A28BF8EB1EB05F200097EB4D /* HMDHeading */ = {
			isa = PBXGroup;
			children = (
				A2A1AA471EBA1C2A006970E1 /* HMDHeadingRenderer.swift */,
				A2A1AA481EBA1C2A006970E1 /* HMDHeadingScaleLayer.swift */,
				A2A1AA461EBA1C2A006970E1 /* HMDHeadingCursorLayer.swift */,
			);
			name = HMDHeading;
			sourceTree = "<group>";
		};
		A2A1AA811EBA1E2C006970E1 /* HMDUITests */ = {
			isa = PBXGroup;
			children = (
				A2A1AA821EBA1E2C006970E1 /* HMDUITests.swift */,
				A2A1AA841EBA1E2C006970E1 /* Info.plist */,
			);
			path = HMDUITests;
			sourceTree = "<group>";
		};
		A2A1AA8F1EBA1E36006970E1 /* HMDTests */ = {
			isa = PBXGroup;
			children = (
				A2A1AA901EBA1E36006970E1 /* HMDTests.swift */,
				A2A1AA921EBA1E36006970E1 /* Info.plist */,
			);
			path = HMDTests;
			sourceTree = "<group>";
		};
		A2A1AA981EBC9AE3006970E1 /* MotionEngine */ = {
			isa = PBXGroup;
			children = (
				A2A1AABD1EBD7680006970E1 /* HMD-Bridging-Header.h */,
				A2A1AAC51EBD9526006970E1 /* HeadTransform.h */,
				A2A1AAC61EBD9526006970E1 /* HeadTransform.mm */,
				A2A1AA991EBC9AE3006970E1 /* HeadTracker.h */,
				A2A1AA9A1EBC9AE3006970E1 /* HeadTracker.mm */,
				A2A1AA9B1EBC9AE3006970E1 /* Internal */,
			);
			name = MotionEngine;
			path = HMD/MotionEngine;
			sourceTree = SOURCE_ROOT;
		};
		A2A1AA9B1EBC9AE3006970E1 /* Internal */ = {
			isa = PBXGroup;
			children = (
				A2A1AA9C1EBC9AE3006970E1 /* Matrix3x3d.h */,
				A2A1AA9D1EBC9AE3006970E1 /* Matrix3x3d.mm */,
				A2A1AA9E1EBC9AE3006970E1 /* OrientationEKF.h */,
				A2A1AA9F1EBC9AE3006970E1 /* OrientationEKF.mm */,
				A2A1AAA01EBC9AE3006970E1 /* SO3Util.h */,
				A2A1AAA11EBC9AE3006970E1 /* SO3Util.mm */,
				A2A1AAA21EBC9AE3006970E1 /* Vector3d.h */,
				A2A1AAA31EBC9AE3006970E1 /* Vector3d.mm */,
			);
			path = Internal;
			sourceTree = "<group>";
		};
		A2A1AAA91EBD6B5D006970E1 /* HMDAltitude */ = {
			isa = PBXGroup;
			children = (
				A2A1AAB01EBD6EF0006970E1 /* HMDAltitudeRenderer.swift */,
				A2A1AAB21EBD6F96006970E1 /* HMDLowAltitudeScaleLayer.swift */,
				A2A1AAB41EBD6FC1006970E1 /* HMDHighAltitudeScaleLayer.swift */,
				A2A1AAB61EBD7098006970E1 /* HMDBarometricAltitudeLabelLayer.swift */,
				A2A1AAE41EBF49DC006970E1 /* HMDRadarAltitudeLabelLayer.swift */,
				A2A1AADE1EBF3177006970E1 /* HMDAltitudeStickLayer.swift */,
				A2A1AAE01EBF3CE5006970E1 /* HMDVerticalSpeedIndicatorLayer.swift */,
			);
			name = HMDAltitude;
			sourceTree = "<group>";
		};
		A2A1AAAA1EBD6D30006970E1 /* HMDAttitude */ = {
			isa = PBXGroup;
			children = (
				A2A1AACA1EBDD266006970E1 /* HMDAttitudeRenderer.swift */,
				A2A1AACC1EBDD2A9006970E1 /* HMDBankScaleLayer.swift */,
				A2A1AACE1EBDD56D006970E1 /* HMDPitchLadderLayer.swift */,
				A2A1AAD01EBDE340006970E1 /* HMDSideslipLayer.swift */,
				A2A1AAD91EBF2CB7006970E1 /* HMDHoverVectorLayer.swift */,
				A272BC7D1EC2F74300577941 /* HMDCentreDatumLayer.swift */,
			);
			name = HMDAttitude;
			sourceTree = "<group>";
		};
		A2A1AAAB1EBD6D40006970E1 /* HMDSpeed */ = {
			isa = PBXGroup;
			children = (
				A2A1AAD21EBDE3C6006970E1 /* HMDSpeedRenderer.swift */,
				A2A1AAD41EBDE4D2006970E1 /* HMDAirspeedLabelLayer.swift */,
				A2A1AAD71EBDE6E3006970E1 /* HMDGroundSpeedLayer.swift */,
			);
			name = HMDSpeed;
			sourceTree = "<group>";
		};
		A2A1AAAC1EBD6D8B006970E1 /* HMDEnginAndFuel */ = {
			isa = PBXGroup;
			children = (
			);
			name = HMDEnginAndFuel;
			sourceTree = "<group>";
		};
		A2A1AAAD1EBD6DBD006970E1 /* HMDMiscellaneous */ = {
			isa = PBXGroup;
			children = (
				A2A1AA4C1EBA1C2A006970E1 /* HMDMisc.swift */,
				A2A1AAE81EBF52A3006970E1 /* HMDSafetySetting.swift */,
				A2048AF31EC3339600C2413C /* UIColor */,
				A275B6861EC1E85B0034A0E9 /* CALayer */,
				A2048AF41EC333B300C2413C /* Swift */,
				A2048AF51EC333C800C2413C /* UIKit */,
			);
			name = HMDMiscellaneous;
			sourceTree = "<group>";
		};
		A2A1AABE1EBD89A0006970E1 /* Frameworks */ = {
			isa = PBXGroup;
			children = (
				A2A1AAC31EBD89AD006970E1 /* CoreLocation.framework */,
				A2A1AAC11EBD89A7006970E1 /* CoreMotion.framework */,
				A2A1AABF1EBD89A0006970E1 /* GLKit.framework */,
				78AEEA99F464A8A433A02C9A /* Pods_HMD.framework */,
				B0FCCCAF074DB72C5675D82D /* Pods_HMDTests.framework */,
				6D47C10CB3A88CAED2B15AB8 /* Pods_HMDUITests.framework */,
			);
			name = Frameworks;
			sourceTree = "<group>";
		};
		A2A1AAD61EBDE4E7006970E1 /* HMDMission */ = {
			isa = PBXGroup;
			children = (
			);
			name = HMDMission;
			sourceTree = "<group>";
		};
		C3AF521D5CE153B9DC34AB06 /* Pods */ = {
			isa = PBXGroup;
			children = (
				F4F1C7AA6B0B6D324A53B408 /* Pods-HMD.debug.xcconfig */,
				2405F073441FA0DE6076C47A /* Pods-HMD.release.xcconfig */,
				E36DCA2046E21FF5EE6FBF91 /* Pods-HMDTests.debug.xcconfig */,
				F3313448B465684DFD2FC829 /* Pods-HMDTests.release.xcconfig */,
				8FA6C228927FFF91E9382361 /* Pods-HMDUITests.debug.xcconfig */,
				8759FD739E0B60CFCB1DBAD2 /* Pods-HMDUITests.release.xcconfig */,
			);
			name = Pods;
			sourceTree = "<group>";
		};
/* End PBXGroup section */

/* Begin PBXNativeTarget section */
		A24BBF2B1E56840300EBF428 /* HMD */ = {
			isa = PBXNativeTarget;
			buildConfigurationList = A24BBF571E56840300EBF428 /* Build configuration list for PBXNativeTarget "HMD" */;
			buildPhases = (
				FB567B39C3BF59B11E909FAB /* [CP] Check Pods Manifest.lock */,
				A24BBF281E56840300EBF428 /* Sources */,
				A24BBF291E56840300EBF428 /* Frameworks */,
				A24BBF2A1E56840300EBF428 /* Resources */,
				2EF3F4B14B7ECB98A8DB3CF7 /* [CP] Embed Pods Frameworks */,
				FC52CC2669D4874F623C68FD /* [CP] Copy Pods Resources */,
			);
			buildRules = (
			);
			dependencies = (
			);
			name = HMD;
			productName = Stereoscopic;
			productReference = A24BBF2C1E56840300EBF428 /* HMD.app */;
			productType = "com.apple.product-type.application";
		};
		A2A1AA7F1EBA1E2C006970E1 /* HMDUITests */ = {
			isa = PBXNativeTarget;
			buildConfigurationList = A2A1AA871EBA1E2C006970E1 /* Build configuration list for PBXNativeTarget "HMDUITests" */;
			buildPhases = (
				8596668CD5D2A81078C83EAB /* [CP] Check Pods Manifest.lock */,
				A2A1AA7C1EBA1E2C006970E1 /* Sources */,
				A2A1AA7D1EBA1E2C006970E1 /* Frameworks */,
				A2A1AA7E1EBA1E2C006970E1 /* Resources */,
				4970ABA511346079919050AA /* [CP] Embed Pods Frameworks */,
				0307B07B02341E7CA5BCC470 /* [CP] Copy Pods Resources */,
			);
			buildRules = (
			);
			dependencies = (
				A2A1AA861EBA1E2C006970E1 /* PBXTargetDependency */,
			);
			name = HMDUITests;
			productName = HMDUITests;
			productReference = A2A1AA801EBA1E2C006970E1 /* HMDUITests.xctest */;
			productType = "com.apple.product-type.bundle.ui-testing";
		};
		A2A1AA8D1EBA1E36006970E1 /* HMDTests */ = {
			isa = PBXNativeTarget;
			buildConfigurationList = A2A1AA951EBA1E36006970E1 /* Build configuration list for PBXNativeTarget "HMDTests" */;
			buildPhases = (
				423FC831B50ECE96859D86B2 /* [CP] Check Pods Manifest.lock */,
				A2A1AA8A1EBA1E36006970E1 /* Sources */,
				A2A1AA8B1EBA1E36006970E1 /* Frameworks */,
				A2A1AA8C1EBA1E36006970E1 /* Resources */,
				CA79902725C977EDFBF1EC5C /* [CP] Embed Pods Frameworks */,
				983FD9C2C985B47FE12881F9 /* [CP] Copy Pods Resources */,
			);
			buildRules = (
			);
			dependencies = (
				A2A1AA941EBA1E36006970E1 /* PBXTargetDependency */,
			);
			name = HMDTests;
			productName = HMDTests;
			productReference = A2A1AA8E1EBA1E36006970E1 /* HMDTests.xctest */;
			productType = "com.apple.product-type.bundle.unit-test";
		};
/* End PBXNativeTarget section */

/* Begin PBXProject section */
		A24BBF241E56840300EBF428 /* Project object */ = {
			isa = PBXProject;
			attributes = {
				LastSwiftUpdateCheck = 0830;
				LastUpgradeCheck = 0820;
				ORGANIZATIONNAME = RobertYiJiang;
				TargetAttributes = {
					A24BBF2B1E56840300EBF428 = {
						CreatedOnToolsVersion = 8.2.1;
						DevelopmentTeam = DQK83PW4RV;
						ProvisioningStyle = Automatic;
					};
					A2A1AA7F1EBA1E2C006970E1 = {
						CreatedOnToolsVersion = 8.3.2;
						DevelopmentTeam = DQK83PW4RV;
						ProvisioningStyle = Automatic;
						TestTargetID = A24BBF2B1E56840300EBF428;
					};
					A2A1AA8D1EBA1E36006970E1 = {
						CreatedOnToolsVersion = 8.3.2;
						DevelopmentTeam = DQK83PW4RV;
						ProvisioningStyle = Automatic;
						TestTargetID = A24BBF2B1E56840300EBF428;
					};
				};
			};
			buildConfigurationList = A24BBF271E56840300EBF428 /* Build configuration list for PBXProject "HMD" */;
			compatibilityVersion = "Xcode 3.2";
			developmentRegion = English;
			hasScannedForEncodings = 0;
			knownRegions = (
				en,
				Base,
			);
			mainGroup = A24BBF231E56840300EBF428;
			productRefGroup = A24BBF2D1E56840300EBF428 /* Products */;
			projectDirPath = "";
			projectRoot = "";
			targets = (
				A24BBF2B1E56840300EBF428 /* HMD */,
				A2A1AA7F1EBA1E2C006970E1 /* HMDUITests */,
				A2A1AA8D1EBA1E36006970E1 /* HMDTests */,
			);
		};
/* End PBXProject section */

/* Begin PBXResourcesBuildPhase section */
		A24BBF2A1E56840300EBF428 /* Resources */ = {
			isa = PBXResourcesBuildPhase;
			buildActionMask = 2147483647;
			files = (
				A2A1AA561EBA1C2A006970E1 /* Info.plist in Resources */,
				A2A1AA601EBA1C5C006970E1 /* Main.storyboard in Resources */,
				A2A1AA631EBA1C78006970E1 /* Main.storyboard in Resources */,
				A2A1AA5F1EBA1C5C006970E1 /* LaunchScreen.storyboard in Resources */,
				A2A1AA5A1EBA1C39006970E1 /* Assets.xcassets in Resources */,
			);
			runOnlyForDeploymentPostprocessing = 0;
		};
		A2A1AA7E1EBA1E2C006970E1 /* Resources */ = {
			isa = PBXResourcesBuildPhase;
			buildActionMask = 2147483647;
			files = (
			);
			runOnlyForDeploymentPostprocessing = 0;
		};
		A2A1AA8C1EBA1E36006970E1 /* Resources */ = {
			isa = PBXResourcesBuildPhase;
			buildActionMask = 2147483647;
			files = (
			);
			runOnlyForDeploymentPostprocessing = 0;
		};
/* End PBXResourcesBuildPhase section */

/* Begin PBXShellScriptBuildPhase section */
		0307B07B02341E7CA5BCC470 /* [CP] Copy Pods Resources */ = {
			isa = PBXShellScriptBuildPhase;
			buildActionMask = 2147483647;
			files = (
			);
			inputPaths = (
			);
			name = "[CP] Copy Pods Resources";
			outputPaths = (
			);
			runOnlyForDeploymentPostprocessing = 0;
			shellPath = /bin/sh;
			shellScript = "\"${SRCROOT}/Pods/Target Support Files/Pods-HMDUITests/Pods-HMDUITests-resources.sh\"\n";
			showEnvVarsInLog = 0;
		};
		2EF3F4B14B7ECB98A8DB3CF7 /* [CP] Embed Pods Frameworks */ = {
			isa = PBXShellScriptBuildPhase;
			buildActionMask = 2147483647;
			files = (
			);
			inputPaths = (
			);
			name = "[CP] Embed Pods Frameworks";
			outputPaths = (
			);
			runOnlyForDeploymentPostprocessing = 0;
			shellPath = /bin/sh;
			shellScript = "\"${SRCROOT}/Pods/Target Support Files/Pods-HMD/Pods-HMD-frameworks.sh\"\n";
			showEnvVarsInLog = 0;
		};
		423FC831B50ECE96859D86B2 /* [CP] Check Pods Manifest.lock */ = {
			isa = PBXShellScriptBuildPhase;
			buildActionMask = 2147483647;
			files = (
			);
			inputPaths = (
			);
			name = "[CP] Check Pods Manifest.lock";
			outputPaths = (
			);
			runOnlyForDeploymentPostprocessing = 0;
			shellPath = /bin/sh;
			shellScript = "diff \"${PODS_ROOT}/../Podfile.lock\" \"${PODS_ROOT}/Manifest.lock\" > /dev/null\nif [ $? != 0 ] ; then\n    # print error to STDERR\n    echo \"error: The sandbox is not in sync with the Podfile.lock. Run 'pod install' or update your CocoaPods installation.\" >&2\n    exit 1\nfi\n";
			showEnvVarsInLog = 0;
		};
		4970ABA511346079919050AA /* [CP] Embed Pods Frameworks */ = {
			isa = PBXShellScriptBuildPhase;
			buildActionMask = 2147483647;
			files = (
			);
			inputPaths = (
			);
			name = "[CP] Embed Pods Frameworks";
			outputPaths = (
			);
			runOnlyForDeploymentPostprocessing = 0;
			shellPath = /bin/sh;
			shellScript = "\"${SRCROOT}/Pods/Target Support Files/Pods-HMDUITests/Pods-HMDUITests-frameworks.sh\"\n";
			showEnvVarsInLog = 0;
		};
		8596668CD5D2A81078C83EAB /* [CP] Check Pods Manifest.lock */ = {
			isa = PBXShellScriptBuildPhase;
			buildActionMask = 2147483647;
			files = (
			);
			inputPaths = (
			);
			name = "[CP] Check Pods Manifest.lock";
			outputPaths = (
			);
			runOnlyForDeploymentPostprocessing = 0;
			shellPath = /bin/sh;
			shellScript = "diff \"${PODS_ROOT}/../Podfile.lock\" \"${PODS_ROOT}/Manifest.lock\" > /dev/null\nif [ $? != 0 ] ; then\n    # print error to STDERR\n    echo \"error: The sandbox is not in sync with the Podfile.lock. Run 'pod install' or update your CocoaPods installation.\" >&2\n    exit 1\nfi\n";
			showEnvVarsInLog = 0;
		};
		983FD9C2C985B47FE12881F9 /* [CP] Copy Pods Resources */ = {
			isa = PBXShellScriptBuildPhase;
			buildActionMask = 2147483647;
			files = (
			);
			inputPaths = (
			);
			name = "[CP] Copy Pods Resources";
			outputPaths = (
			);
			runOnlyForDeploymentPostprocessing = 0;
			shellPath = /bin/sh;
			shellScript = "\"${SRCROOT}/Pods/Target Support Files/Pods-HMDTests/Pods-HMDTests-resources.sh\"\n";
			showEnvVarsInLog = 0;
		};
		CA79902725C977EDFBF1EC5C /* [CP] Embed Pods Frameworks */ = {
			isa = PBXShellScriptBuildPhase;
			buildActionMask = 2147483647;
			files = (
			);
			inputPaths = (
			);
			name = "[CP] Embed Pods Frameworks";
			outputPaths = (
			);
			runOnlyForDeploymentPostprocessing = 0;
			shellPath = /bin/sh;
			shellScript = "\"${SRCROOT}/Pods/Target Support Files/Pods-HMDTests/Pods-HMDTests-frameworks.sh\"\n";
			showEnvVarsInLog = 0;
		};
		FB567B39C3BF59B11E909FAB /* [CP] Check Pods Manifest.lock */ = {
			isa = PBXShellScriptBuildPhase;
			buildActionMask = 2147483647;
			files = (
			);
			inputPaths = (
			);
			name = "[CP] Check Pods Manifest.lock";
			outputPaths = (
			);
			runOnlyForDeploymentPostprocessing = 0;
			shellPath = /bin/sh;
			shellScript = "diff \"${PODS_ROOT}/../Podfile.lock\" \"${PODS_ROOT}/Manifest.lock\" > /dev/null\nif [ $? != 0 ] ; then\n    # print error to STDERR\n    echo \"error: The sandbox is not in sync with the Podfile.lock. Run 'pod install' or update your CocoaPods installation.\" >&2\n    exit 1\nfi\n";
			showEnvVarsInLog = 0;
		};
		FC52CC2669D4874F623C68FD /* [CP] Copy Pods Resources */ = {
			isa = PBXShellScriptBuildPhase;
			buildActionMask = 2147483647;
			files = (
			);
			inputPaths = (
			);
			name = "[CP] Copy Pods Resources";
			outputPaths = (
			);
			runOnlyForDeploymentPostprocessing = 0;
			shellPath = /bin/sh;
			shellScript = "\"${SRCROOT}/Pods/Target Support Files/Pods-HMD/Pods-HMD-resources.sh\"\n";
			showEnvVarsInLog = 0;
		};
/* End PBXShellScriptBuildPhase section */

/* Begin PBXSourcesBuildPhase section */
		A24BBF281E56840300EBF428 /* Sources */ = {
			isa = PBXSourcesBuildPhase;
			buildActionMask = 2147483647;
			files = (
				A2A1AAB91EBD71FA006970E1 /* Matrix3x3d.h in Sources */,
				A2A1AADA1EBF2CB7006970E1 /* HMDHoverVectorLayer.swift in Sources */,
				A2A1AABA1EBD71FA006970E1 /* OrientationEKF.h in Sources */,
				A2A1AAE31EBF401F006970E1 /* CALayer+Extensions.swift in Sources */,
				A2A1AABB1EBD71FA006970E1 /* SO3Util.h in Sources */,
				A2A1AABC1EBD71FA006970E1 /* Vector3d.h in Sources */,
				A2A1AAEB1EBF5FC9006970E1 /* CGFloat+Extensions.swift in Sources */,
				A2A1AAB81EBD71F2006970E1 /* HeadTracker.h in Sources */,
				A2A1AAD11EBDE340006970E1 /* HMDSideslipLayer.swift in Sources */,
				A2A1AACD1EBDD2A9006970E1 /* HMDBankScaleLayer.swift in Sources */,
				A2A1AAB11EBD6EF0006970E1 /* HMDAltitudeRenderer.swift in Sources */,
				A2A1AA6D1EBA1CDA006970E1 /* HMD.xcdatamodeld in Sources */,
				A2A1AA581EBA1C2A006970E1 /* ViewController.swift in Sources */,
				A2A1AAD81EBDE6E3006970E1 /* HMDGroundSpeedLayer.swift in Sources */,
				A2A1AA511EBA1C2A006970E1 /* HMDHeadingCursorLayer.swift in Sources */,
				A2A1AAEF1EBF62D1006970E1 /* UIColor+MoreColors.swift in Sources */,
				A2A1AA4E1EBA1C2A006970E1 /* AppDelegate.swift in Sources */,
				A2A1AAA61EBC9AE3006970E1 /* OrientationEKF.mm in Sources */,
				A272BC7E1EC2F74300577941 /* HMDCentreDatumLayer.swift in Sources */,
				A2A1AADF1EBF3177006970E1 /* HMDAltitudeStickLayer.swift in Sources */,
				A2A1AA571EBA1C2A006970E1 /* HMDMisc.swift in Sources */,
				A2A1AA531EBA1C2A006970E1 /* HMDHeadingScaleLayer.swift in Sources */,
				A26F24551EC19AE400653846 /* CGRect+Resize.swift in Sources */,
				A2A1AAB31EBD6F96006970E1 /* HMDLowAltitudeScaleLayer.swift in Sources */,
				A2A1AAB71EBD7098006970E1 /* HMDBarometricAltitudeLabelLayer.swift in Sources */,
				A2A1AAA41EBC9AE3006970E1 /* HeadTracker.mm in Sources */,
				A2A1AAA51EBC9AE3006970E1 /* Matrix3x3d.mm in Sources */,
				A2A1AAA81EBC9AE3006970E1 /* Vector3d.mm in Sources */,
				A2A1AA541EBA1C2A006970E1 /* HMDLayer.swift in Sources */,
				A2A1AAA71EBC9AE3006970E1 /* SO3Util.mm in Sources */,
				A2A1AAE11EBF3CE5006970E1 /* HMDVerticalSpeedIndicatorLayer.swift in Sources */,
				A2A1AACF1EBDD56D006970E1 /* HMDPitchLadderLayer.swift in Sources */,
				A2A1AAE91EBF52A3006970E1 /* HMDSafetySetting.swift in Sources */,
				A2A1AAB51EBD6FC1006970E1 /* HMDHighAltitudeScaleLayer.swift in Sources */,
				A275B6881EC1E8A90034A0E9 /* CATextLayer+Frame.swift in Sources */,
				A2A1AA521EBA1C2A006970E1 /* HMDHeadingRenderer.swift in Sources */,
				A2A1AAD31EBDE3C6006970E1 /* HMDSpeedRenderer.swift in Sources */,
				A2A1AAE71EBF5066006970E1 /* String+Extensions.swift in Sources */,
				A2A1AA551EBA1C2A006970E1 /* HUDViewRenderer.swift in Sources */,
				A2A1AAD51EBDE4D2006970E1 /* HMDAirspeedLabelLayer.swift in Sources */,
				A2A1AAED1EBF6216006970E1 /* UIColor+RGB.swift in Sources */,
				A2A1AAE51EBF49DD006970E1 /* HMDRadarAltitudeLabelLayer.swift in Sources */,
				A2A1AACB1EBDD266006970E1 /* HMDAttitudeRenderer.swift in Sources */,
				A2A1AAC71EBD9526006970E1 /* HeadTransform.mm in Sources */,
			);
			runOnlyForDeploymentPostprocessing = 0;
		};
		A2A1AA7C1EBA1E2C006970E1 /* Sources */ = {
			isa = PBXSourcesBuildPhase;
			buildActionMask = 2147483647;
			files = (
				A2AD7CD31EC045E600E687B6 /* AppDelegate.swift in Sources */,
				A2AD7CFA1EC0468600E687B6 /* Vector3d.mm in Sources */,
				A2AD7CE51EC0464000E687B6 /* CGFloat+Extensions.swift in Sources */,
				A2AD7CCF1EC045DD00E687B6 /* HMDAltitudeRenderer.swift in Sources */,
				A2AD7CD11EC045E100E687B6 /* HMDLayer.swift in Sources */,
				A2AD7CE11EC0463A00E687B6 /* HMDSafetySetting.swift in Sources */,
				A2AD7CE81EC0464400E687B6 /* UIColor+MoreColors.swift in Sources */,
				A2A1AA831EBA1E2C006970E1 /* HMDUITests.swift in Sources */,
				A2AD7CD51EC045E900E687B6 /* HUDViewRenderer.swift in Sources */,
				A2AD7D001EC0468A00E687B6 /* HeadTracker.mm in Sources */,
				A2AD7CF81EC0468600E687B6 /* OrientationEKF.mm in Sources */,
				A2AD7CCD1EC045DA00E687B6 /* HMDVerticalSpeedIndicatorLayer.swift in Sources */,
				A2AD7CF31EC0465A00E687B6 /* HMDHeadingCursorLayer.swift in Sources */,
				A2AD7CF11EC0465A00E687B6 /* HMDHeadingRenderer.swift in Sources */,
				A2AD7CDB1EC045F700E687B6 /* HMDBarometricAltitudeLabelLayer.swift in Sources */,
				A2AD7CED1EC0465500E687B6 /* HMDAltitudeStickLayer.swift in Sources */,
				A2AD7CE31EC0463D00E687B6 /* String+Extensions.swift in Sources */,
				A2AD7CDD1EC0463400E687B6 /* CALayer+Extensions.swift in Sources */,
				A2AD7CEB1EC0465500E687B6 /* HMDRadarAltitudeLabelLayer.swift in Sources */,
				A2AD7CD71EC045EC00E687B6 /* ViewController.swift in Sources */,
				A2AD7CDF1EC0463700E687B6 /* HMDMisc.swift in Sources */,
				A2AD7CD91EC045F500E687B6 /* HMDHighAltitudeScaleLayer.swift in Sources */,
				A2AD7CF91EC0468600E687B6 /* SO3Util.mm in Sources */,
				A2AD7CF71EC0468600E687B6 /* Matrix3x3d.mm in Sources */,
				A2AD7CF21EC0465A00E687B6 /* HMDHeadingScaleLayer.swift in Sources */,
				A2AD7CCB1EC045D600E687B6 /* HMDLowAltitudeScaleLayer.swift in Sources */,
				A2AD7CFF1EC0468A00E687B6 /* HeadTransform.mm in Sources */,
				A2AD7CE71EC0464400E687B6 /* UIColor+RGB.swift in Sources */,
			);
			runOnlyForDeploymentPostprocessing = 0;
		};
		A2A1AA8A1EBA1E36006970E1 /* Sources */ = {
			isa = PBXSourcesBuildPhase;
			buildActionMask = 2147483647;
			files = (
				A2AD7CD41EC045E600E687B6 /* AppDelegate.swift in Sources */,
				A2AD7CFE1EC0468600E687B6 /* Vector3d.mm in Sources */,
				A2AD7CE61EC0464000E687B6 /* CGFloat+Extensions.swift in Sources */,
				A2AD7CD01EC045DD00E687B6 /* HMDAltitudeRenderer.swift in Sources */,
				A2AD7CD21EC045E200E687B6 /* HMDLayer.swift in Sources */,
				A2AD7CE21EC0463A00E687B6 /* HMDSafetySetting.swift in Sources */,
				A2AD7CEA1EC0464400E687B6 /* UIColor+MoreColors.swift in Sources */,
				A2A1AA911EBA1E36006970E1 /* HMDTests.swift in Sources */,
				A2AD7CD61EC045E900E687B6 /* HUDViewRenderer.swift in Sources */,
				A2AD7D021EC0468A00E687B6 /* HeadTracker.mm in Sources */,
				A2AD7CFC1EC0468600E687B6 /* OrientationEKF.mm in Sources */,
				A2AD7CCE1EC045DB00E687B6 /* HMDVerticalSpeedIndicatorLayer.swift in Sources */,
				A2AD7CF61EC0465B00E687B6 /* HMDHeadingCursorLayer.swift in Sources */,
				A2AD7CF41EC0465B00E687B6 /* HMDHeadingRenderer.swift in Sources */,
				A2AD7CDC1EC045F800E687B6 /* HMDBarometricAltitudeLabelLayer.swift in Sources */,
				A2AD7CF01EC0465500E687B6 /* HMDAltitudeStickLayer.swift in Sources */,
				A2AD7CE41EC0463D00E687B6 /* String+Extensions.swift in Sources */,
				A2AD7CDE1EC0463500E687B6 /* CALayer+Extensions.swift in Sources */,
				A2AD7CEE1EC0465500E687B6 /* HMDRadarAltitudeLabelLayer.swift in Sources */,
				A2AD7CD81EC045EC00E687B6 /* ViewController.swift in Sources */,
				A2AD7CE01EC0463700E687B6 /* HMDMisc.swift in Sources */,
				A2AD7CDA1EC045F500E687B6 /* HMDHighAltitudeScaleLayer.swift in Sources */,
				A2AD7CFD1EC0468600E687B6 /* SO3Util.mm in Sources */,
				A2AD7CFB1EC0468600E687B6 /* Matrix3x3d.mm in Sources */,
				A2AD7CF51EC0465B00E687B6 /* HMDHeadingScaleLayer.swift in Sources */,
				A2AD7CCC1EC045D700E687B6 /* HMDLowAltitudeScaleLayer.swift in Sources */,
				A2AD7D011EC0468A00E687B6 /* HeadTransform.mm in Sources */,
				A2AD7CE91EC0464400E687B6 /* UIColor+RGB.swift in Sources */,
			);
			runOnlyForDeploymentPostprocessing = 0;
		};
/* End PBXSourcesBuildPhase section */

/* Begin PBXTargetDependency section */
		A2A1AA861EBA1E2C006970E1 /* PBXTargetDependency */ = {
			isa = PBXTargetDependency;
			target = A24BBF2B1E56840300EBF428 /* HMD */;
			targetProxy = A2A1AA851EBA1E2C006970E1 /* PBXContainerItemProxy */;
		};
		A2A1AA941EBA1E36006970E1 /* PBXTargetDependency */ = {
			isa = PBXTargetDependency;
			target = A24BBF2B1E56840300EBF428 /* HMD */;
			targetProxy = A2A1AA931EBA1E36006970E1 /* PBXContainerItemProxy */;
		};
/* End PBXTargetDependency section */

/* Begin PBXVariantGroup section */
		A2A1AA5B1EBA1C5C006970E1 /* LaunchScreen.storyboard */ = {
			isa = PBXVariantGroup;
			children = (
				A2A1AA5C1EBA1C5C006970E1 /* Base */,
			);
			name = LaunchScreen.storyboard;
			sourceTree = "<group>";
		};
		A2A1AA5D1EBA1C5C006970E1 /* Main.storyboard */ = {
			isa = PBXVariantGroup;
			children = (
				A2A1AA5E1EBA1C5C006970E1 /* Base */,
			);
			name = Main.storyboard;
			sourceTree = "<group>";
		};
		A2A1AA611EBA1C78006970E1 /* Main.storyboard */ = {
			isa = PBXVariantGroup;
			children = (
				A2A1AA621EBA1C78006970E1 /* Base */,
			);
			name = Main.storyboard;
			sourceTree = "<group>";
		};
/* End PBXVariantGroup section */

/* Begin XCBuildConfiguration section */
		A24BBF551E56840300EBF428 /* Debug */ = {
			isa = XCBuildConfiguration;
			buildSettings = {
				ALWAYS_SEARCH_USER_PATHS = NO;
				CLANG_ANALYZER_NONNULL = YES;
				CLANG_CXX_LANGUAGE_STANDARD = "gnu++0x";
				CLANG_CXX_LIBRARY = "libc++";
				CLANG_ENABLE_MODULES = YES;
				CLANG_ENABLE_OBJC_ARC = YES;
				CLANG_WARN_BOOL_CONVERSION = YES;
				CLANG_WARN_CONSTANT_CONVERSION = YES;
				CLANG_WARN_DIRECT_OBJC_ISA_USAGE = YES_ERROR;
				CLANG_WARN_DOCUMENTATION_COMMENTS = YES;
				CLANG_WARN_EMPTY_BODY = YES;
				CLANG_WARN_ENUM_CONVERSION = YES;
				CLANG_WARN_INFINITE_RECURSION = YES;
				CLANG_WARN_INT_CONVERSION = YES;
				CLANG_WARN_OBJC_ROOT_CLASS = YES_ERROR;
				CLANG_WARN_SUSPICIOUS_MOVE = YES;
				CLANG_WARN_UNREACHABLE_CODE = YES;
				CLANG_WARN__DUPLICATE_METHOD_MATCH = YES;
				"CODE_SIGN_IDENTITY[sdk=iphoneos*]" = "iPhone Developer";
				COPY_PHASE_STRIP = NO;
				DEBUG_INFORMATION_FORMAT = dwarf;
				ENABLE_STRICT_OBJC_MSGSEND = YES;
				ENABLE_TESTABILITY = YES;
				GCC_C_LANGUAGE_STANDARD = gnu99;
				GCC_DYNAMIC_NO_PIC = NO;
				GCC_NO_COMMON_BLOCKS = YES;
				GCC_OPTIMIZATION_LEVEL = 0;
				GCC_PREPROCESSOR_DEFINITIONS = (
					"DEBUG=1",
					"$(inherited)",
				);
				GCC_WARN_64_TO_32_BIT_CONVERSION = YES;
				GCC_WARN_ABOUT_RETURN_TYPE = YES_ERROR;
				GCC_WARN_UNDECLARED_SELECTOR = YES;
				GCC_WARN_UNINITIALIZED_AUTOS = YES_AGGRESSIVE;
				GCC_WARN_UNUSED_FUNCTION = YES;
				GCC_WARN_UNUSED_VARIABLE = YES;
				IPHONEOS_DEPLOYMENT_TARGET = 10.2;
				MTL_ENABLE_DEBUG_INFO = YES;
				ONLY_ACTIVE_ARCH = YES;
				SDKROOT = iphoneos;
				SWIFT_ACTIVE_COMPILATION_CONDITIONS = DEBUG;
				SWIFT_OBJC_BRIDGING_HEADER = "";
				SWIFT_OPTIMIZATION_LEVEL = "-Onone";
				SWIFT_VERSION = "";
			};
			name = Debug;
		};
		A24BBF561E56840300EBF428 /* Release */ = {
			isa = XCBuildConfiguration;
			buildSettings = {
				ALWAYS_SEARCH_USER_PATHS = NO;
				CLANG_ANALYZER_NONNULL = YES;
				CLANG_CXX_LANGUAGE_STANDARD = "gnu++0x";
				CLANG_CXX_LIBRARY = "libc++";
				CLANG_ENABLE_MODULES = YES;
				CLANG_ENABLE_OBJC_ARC = YES;
				CLANG_WARN_BOOL_CONVERSION = YES;
				CLANG_WARN_CONSTANT_CONVERSION = YES;
				CLANG_WARN_DIRECT_OBJC_ISA_USAGE = YES_ERROR;
				CLANG_WARN_DOCUMENTATION_COMMENTS = YES;
				CLANG_WARN_EMPTY_BODY = YES;
				CLANG_WARN_ENUM_CONVERSION = YES;
				CLANG_WARN_INFINITE_RECURSION = YES;
				CLANG_WARN_INT_CONVERSION = YES;
				CLANG_WARN_OBJC_ROOT_CLASS = YES_ERROR;
				CLANG_WARN_SUSPICIOUS_MOVE = YES;
				CLANG_WARN_UNREACHABLE_CODE = YES;
				CLANG_WARN__DUPLICATE_METHOD_MATCH = YES;
				"CODE_SIGN_IDENTITY[sdk=iphoneos*]" = "iPhone Developer";
				COPY_PHASE_STRIP = NO;
				DEBUG_INFORMATION_FORMAT = "dwarf-with-dsym";
				ENABLE_NS_ASSERTIONS = NO;
				ENABLE_STRICT_OBJC_MSGSEND = YES;
				GCC_C_LANGUAGE_STANDARD = gnu99;
				GCC_NO_COMMON_BLOCKS = YES;
				GCC_WARN_64_TO_32_BIT_CONVERSION = YES;
				GCC_WARN_ABOUT_RETURN_TYPE = YES_ERROR;
				GCC_WARN_UNDECLARED_SELECTOR = YES;
				GCC_WARN_UNINITIALIZED_AUTOS = YES_AGGRESSIVE;
				GCC_WARN_UNUSED_FUNCTION = YES;
				GCC_WARN_UNUSED_VARIABLE = YES;
				IPHONEOS_DEPLOYMENT_TARGET = 10.2;
				MTL_ENABLE_DEBUG_INFO = NO;
				SDKROOT = iphoneos;
				SWIFT_OBJC_BRIDGING_HEADER = "";
				SWIFT_OPTIMIZATION_LEVEL = "-Owholemodule";
				SWIFT_VERSION = "";
				VALIDATE_PRODUCT = YES;
			};
			name = Release;
		};
		A24BBF581E56840300EBF428 /* Debug */ = {
			isa = XCBuildConfiguration;
			baseConfigurationReference = F4F1C7AA6B0B6D324A53B408 /* Pods-HMD.debug.xcconfig */;
			buildSettings = {
				ASSETCATALOG_COMPILER_APPICON_NAME = AppIcon;
				DEFINES_MODULE = YES;
				DEVELOPMENT_TEAM = DQK83PW4RV;
				INFOPLIST_FILE = HMD/Info.plist;
				LD_RUNPATH_SEARCH_PATHS = "$(inherited) @executable_path/Frameworks";
				OTHER_LDFLAGS = "-ObjC";
				OTHER_SWIFT_FLAGS = "";
				PRODUCT_BUNDLE_IDENTIFIER = www.siphty.com.HMD;
				PRODUCT_NAME = "$(TARGET_NAME)";
				SWIFT_OBJC_BRIDGING_HEADER = "";
				SWIFT_OPTIMIZATION_LEVEL = "-Onone";
				SWIFT_VERSION = 3.0;
			};
			name = Debug;
		};
		A24BBF591E56840300EBF428 /* Release */ = {
			isa = XCBuildConfiguration;
			baseConfigurationReference = 2405F073441FA0DE6076C47A /* Pods-HMD.release.xcconfig */;
			buildSettings = {
				ASSETCATALOG_COMPILER_APPICON_NAME = AppIcon;
				DEFINES_MODULE = YES;
				DEVELOPMENT_TEAM = DQK83PW4RV;
				INFOPLIST_FILE = HMD/Info.plist;
				LD_RUNPATH_SEARCH_PATHS = "$(inherited) @executable_path/Frameworks";
				OTHER_LDFLAGS = "-ObjC";
				OTHER_SWIFT_FLAGS = "";
				PRODUCT_BUNDLE_IDENTIFIER = www.siphty.com.HMD;
				PRODUCT_NAME = "$(TARGET_NAME)";
				SWIFT_OBJC_BRIDGING_HEADER = "";
				SWIFT_VERSION = 3.0;
			};
			name = Release;
		};
		A2A1AA881EBA1E2C006970E1 /* Debug */ = {
			isa = XCBuildConfiguration;
			baseConfigurationReference = 8FA6C228927FFF91E9382361 /* Pods-HMDUITests.debug.xcconfig */;
			buildSettings = {
				CLANG_ANALYZER_NUMBER_OBJECT_CONVERSION = YES_AGGRESSIVE;
				DEVELOPMENT_TEAM = DQK83PW4RV;
				INFOPLIST_FILE = HMDUITests/Info.plist;
				IPHONEOS_DEPLOYMENT_TARGET = 10.3;
				LD_RUNPATH_SEARCH_PATHS = "$(inherited) @executable_path/Frameworks @loader_path/Frameworks";
				PRODUCT_BUNDLE_IDENTIFIER = www.siphty.com.HMDUITests;
				PRODUCT_NAME = "$(TARGET_NAME)";
				SWIFT_VERSION = 3.0;
				TEST_TARGET_NAME = HMD;
			};
			name = Debug;
		};
		A2A1AA891EBA1E2C006970E1 /* Release */ = {
			isa = XCBuildConfiguration;
			baseConfigurationReference = 8759FD739E0B60CFCB1DBAD2 /* Pods-HMDUITests.release.xcconfig */;
			buildSettings = {
				CLANG_ANALYZER_NUMBER_OBJECT_CONVERSION = YES_AGGRESSIVE;
				DEVELOPMENT_TEAM = DQK83PW4RV;
				INFOPLIST_FILE = HMDUITests/Info.plist;
				IPHONEOS_DEPLOYMENT_TARGET = 10.3;
				LD_RUNPATH_SEARCH_PATHS = "$(inherited) @executable_path/Frameworks @loader_path/Frameworks";
				PRODUCT_BUNDLE_IDENTIFIER = www.siphty.com.HMDUITests;
				PRODUCT_NAME = "$(TARGET_NAME)";
				SWIFT_VERSION = 3.0;
				TEST_TARGET_NAME = HMD;
			};
			name = Release;
		};
		A2A1AA961EBA1E36006970E1 /* Debug */ = {
			isa = XCBuildConfiguration;
			baseConfigurationReference = E36DCA2046E21FF5EE6FBF91 /* Pods-HMDTests.debug.xcconfig */;
			buildSettings = {
				BUNDLE_LOADER = "$(TEST_HOST)";
				CLANG_ANALYZER_NUMBER_OBJECT_CONVERSION = YES_AGGRESSIVE;
				DEVELOPMENT_TEAM = DQK83PW4RV;
				INFOPLIST_FILE = HMDTests/Info.plist;
				IPHONEOS_DEPLOYMENT_TARGET = 10.3;
				LD_RUNPATH_SEARCH_PATHS = "$(inherited) @executable_path/Frameworks @loader_path/Frameworks";
				PRODUCT_BUNDLE_IDENTIFIER = www.siphty.com.HMDTests;
				PRODUCT_NAME = "$(TARGET_NAME)";
				SWIFT_VERSION = 3.0;
				TEST_HOST = "$(BUILT_PRODUCTS_DIR)/HMD.app/HMD";
			};
			name = Debug;
		};
		A2A1AA971EBA1E36006970E1 /* Release */ = {
			isa = XCBuildConfiguration;
			baseConfigurationReference = F3313448B465684DFD2FC829 /* Pods-HMDTests.release.xcconfig */;
			buildSettings = {
				BUNDLE_LOADER = "$(TEST_HOST)";
				CLANG_ANALYZER_NUMBER_OBJECT_CONVERSION = YES_AGGRESSIVE;
				DEVELOPMENT_TEAM = DQK83PW4RV;
				INFOPLIST_FILE = HMDTests/Info.plist;
				IPHONEOS_DEPLOYMENT_TARGET = 10.3;
				LD_RUNPATH_SEARCH_PATHS = "$(inherited) @executable_path/Frameworks @loader_path/Frameworks";
				PRODUCT_BUNDLE_IDENTIFIER = www.siphty.com.HMDTests;
				PRODUCT_NAME = "$(TARGET_NAME)";
				SWIFT_VERSION = 3.0;
				TEST_HOST = "$(BUILT_PRODUCTS_DIR)/HMD.app/HMD";
			};
			name = Release;
		};
/* End XCBuildConfiguration section */

/* Begin XCConfigurationList section */
		A24BBF271E56840300EBF428 /* Build configuration list for PBXProject "HMD" */ = {
			isa = XCConfigurationList;
			buildConfigurations = (
				A24BBF551E56840300EBF428 /* Debug */,
				A24BBF561E56840300EBF428 /* Release */,
			);
			defaultConfigurationIsVisible = 0;
			defaultConfigurationName = Release;
		};
		A24BBF571E56840300EBF428 /* Build configuration list for PBXNativeTarget "HMD" */ = {
			isa = XCConfigurationList;
			buildConfigurations = (
				A24BBF581E56840300EBF428 /* Debug */,
				A24BBF591E56840300EBF428 /* Release */,
			);
			defaultConfigurationIsVisible = 0;
			defaultConfigurationName = Release;
		};
		A2A1AA871EBA1E2C006970E1 /* Build configuration list for PBXNativeTarget "HMDUITests" */ = {
			isa = XCConfigurationList;
			buildConfigurations = (
				A2A1AA881EBA1E2C006970E1 /* Debug */,
				A2A1AA891EBA1E2C006970E1 /* Release */,
			);
			defaultConfigurationIsVisible = 0;
			defaultConfigurationName = Release;
		};
		A2A1AA951EBA1E36006970E1 /* Build configuration list for PBXNativeTarget "HMDTests" */ = {
			isa = XCConfigurationList;
			buildConfigurations = (
				A2A1AA961EBA1E36006970E1 /* Debug */,
				A2A1AA971EBA1E36006970E1 /* Release */,
			);
			defaultConfigurationIsVisible = 0;
			defaultConfigurationName = Release;
		};
/* End XCConfigurationList section */

/* Begin XCVersionGroup section */
		A2A1AA6C1EBA1CDA006970E1 /* HMD.xcdatamodeld */ = {
			isa = XCVersionGroup;
			children = (
			);
			name = HMD.xcdatamodeld;
			path = ../HMD/HMD.xcdatamodeld;
			sourceTree = "<group>";
			versionGroupType = wrapper.xcdatamodel;
		};
/* End XCVersionGroup section */
	};
	rootObject = A24BBF241E56840300EBF428 /* Project object */;
}
