// !$*UTF8*$!
{
	archiveVersion = 1;
	classes = {
	};
	objectVersion = 46;
	objects = {

/* Begin PBXBuildFile section */
		A2A1AA4E1EBA1C2A006970E1 /* AppDelegate.swift in Sources */ = {isa = PBXBuildFile; fileRef = A2A1AA431EBA1C2A006970E1 /* AppDelegate.swift */; };
		A2A1AA501EBA1C2A006970E1 /* HMDCommScaleRenderer.swift in Sources */ = {isa = PBXBuildFile; fileRef = A2A1AA451EBA1C2A006970E1 /* HMDCommScaleRenderer.swift */; };
		A2A1AA511EBA1C2A006970E1 /* HMDHeadingCursorLayerRenderer.swift in Sources */ = {isa = PBXBuildFile; fileRef = A2A1AA461EBA1C2A006970E1 /* HMDHeadingCursorLayerRenderer.swift */; };
		A2A1AA521EBA1C2A006970E1 /* HMDHeadingRenderer.swift in Sources */ = {isa = PBXBuildFile; fileRef = A2A1AA471EBA1C2A006970E1 /* HMDHeadingRenderer.swift */; };
		A2A1AA531EBA1C2A006970E1 /* HMDHeadingScaleLayerRenderer.swift in Sources */ = {isa = PBXBuildFile; fileRef = A2A1AA481EBA1C2A006970E1 /* HMDHeadingScaleLayerRenderer.swift */; };
		A2A1AA541EBA1C2A006970E1 /* HMDLayer.swift in Sources */ = {isa = PBXBuildFile; fileRef = A2A1AA491EBA1C2A006970E1 /* HMDLayer.swift */; };
		A2A1AA551EBA1C2A006970E1 /* HUDViewRenderer.swift in Sources */ = {isa = PBXBuildFile; fileRef = A2A1AA4A1EBA1C2A006970E1 /* HUDViewRenderer.swift */; };
		A2A1AA561EBA1C2A006970E1 /* Info.plist in Resources */ = {isa = PBXBuildFile; fileRef = A2A1AA4B1EBA1C2A006970E1 /* Info.plist */; };
		A2A1AA571EBA1C2A006970E1 /* miscellaneous.swift in Sources */ = {isa = PBXBuildFile; fileRef = A2A1AA4C1EBA1C2A006970E1 /* miscellaneous.swift */; };
		A2A1AA581EBA1C2A006970E1 /* ViewController.swift in Sources */ = {isa = PBXBuildFile; fileRef = A2A1AA4D1EBA1C2A006970E1 /* ViewController.swift */; };
		A2A1AA5A1EBA1C39006970E1 /* Assets.xcassets in Resources */ = {isa = PBXBuildFile; fileRef = A2A1AA591EBA1C39006970E1 /* Assets.xcassets */; };
		A2A1AA5F1EBA1C5C006970E1 /* LaunchScreen.storyboard in Resources */ = {isa = PBXBuildFile; fileRef = A2A1AA5B1EBA1C5C006970E1 /* LaunchScreen.storyboard */; };
		A2A1AA601EBA1C5C006970E1 /* Main.storyboard in Resources */ = {isa = PBXBuildFile; fileRef = A2A1AA5D1EBA1C5C006970E1 /* Main.storyboard */; };
		A2A1AA631EBA1C78006970E1 /* Main.storyboard in Resources */ = {isa = PBXBuildFile; fileRef = A2A1AA611EBA1C78006970E1 /* Main.storyboard */; };
		A2A1AA6D1EBA1CDA006970E1 /* HMD.xcdatamodeld in Sources */ = {isa = PBXBuildFile; fileRef = A2A1AA6C1EBA1CDA006970E1 /* HMD.xcdatamodeld */; };
		A2A1AA831EBA1E2C006970E1 /* HMDUITests.swift in Sources */ = {isa = PBXBuildFile; fileRef = A2A1AA821EBA1E2C006970E1 /* HMDUITests.swift */; };
		A2A1AA911EBA1E36006970E1 /* HMDTests.swift in Sources */ = {isa = PBXBuildFile; fileRef = A2A1AA901EBA1E36006970E1 /* HMDTests.swift */; };
/* End PBXBuildFile section */

/* Begin PBXContainerItemProxy section */
		A2A1AA851EBA1E2C006970E1 /* PBXContainerItemProxy */ = {
			isa = PBXContainerItemProxy;
			containerPortal = A24BBF241E56840300EBF428 /* Project object */;
			proxyType = 1;
			remoteGlobalIDString = A24BBF2B1E56840300EBF428;
			remoteInfo = HMD;
		};
		A2A1AA931EBA1E36006970E1 /* PBXContainerItemProxy */ = {
			isa = PBXContainerItemProxy;
			containerPortal = A24BBF241E56840300EBF428 /* Project object */;
			proxyType = 1;
			remoteGlobalIDString = A24BBF2B1E56840300EBF428;
			remoteInfo = HMD;
		};
/* End PBXContainerItemProxy section */

/* Begin PBXFileReference section */
		A24BBF2C1E56840300EBF428 /* HMD.app */ = {isa = PBXFileReference; explicitFileType = wrapper.application; includeInIndex = 0; path = HMD.app; sourceTree = BUILT_PRODUCTS_DIR; };
		A2A1AA431EBA1C2A006970E1 /* AppDelegate.swift */ = {isa = PBXFileReference; fileEncoding = 4; lastKnownFileType = sourcecode.swift; name = AppDelegate.swift; path = HMD/AppDelegate.swift; sourceTree = SOURCE_ROOT; };
		A2A1AA451EBA1C2A006970E1 /* HMDCommScaleRenderer.swift */ = {isa = PBXFileReference; fileEncoding = 4; lastKnownFileType = sourcecode.swift; name = HMDCommScaleRenderer.swift; path = HMD/HMDCommScaleRenderer.swift; sourceTree = SOURCE_ROOT; };
		A2A1AA461EBA1C2A006970E1 /* HMDHeadingCursorLayerRenderer.swift */ = {isa = PBXFileReference; fileEncoding = 4; lastKnownFileType = sourcecode.swift; name = HMDHeadingCursorLayerRenderer.swift; path = HMD/HMDHeadingCursorLayerRenderer.swift; sourceTree = SOURCE_ROOT; };
		A2A1AA471EBA1C2A006970E1 /* HMDHeadingRenderer.swift */ = {isa = PBXFileReference; fileEncoding = 4; lastKnownFileType = sourcecode.swift; name = HMDHeadingRenderer.swift; path = HMD/HMDHeadingRenderer.swift; sourceTree = SOURCE_ROOT; };
		A2A1AA481EBA1C2A006970E1 /* HMDHeadingScaleLayerRenderer.swift */ = {isa = PBXFileReference; fileEncoding = 4; lastKnownFileType = sourcecode.swift; name = HMDHeadingScaleLayerRenderer.swift; path = HMD/HMDHeadingScaleLayerRenderer.swift; sourceTree = SOURCE_ROOT; };
		A2A1AA491EBA1C2A006970E1 /* HMDLayer.swift */ = {isa = PBXFileReference; fileEncoding = 4; lastKnownFileType = sourcecode.swift; name = HMDLayer.swift; path = HMD/HMDLayer.swift; sourceTree = SOURCE_ROOT; };
		A2A1AA4A1EBA1C2A006970E1 /* HUDViewRenderer.swift */ = {isa = PBXFileReference; fileEncoding = 4; lastKnownFileType = sourcecode.swift; name = HUDViewRenderer.swift; path = HMD/HUDViewRenderer.swift; sourceTree = SOURCE_ROOT; };
		A2A1AA4B1EBA1C2A006970E1 /* Info.plist */ = {isa = PBXFileReference; fileEncoding = 4; lastKnownFileType = text.plist.xml; name = Info.plist; path = HMD/Info.plist; sourceTree = SOURCE_ROOT; };
		A2A1AA4C1EBA1C2A006970E1 /* miscellaneous.swift */ = {isa = PBXFileReference; fileEncoding = 4; lastKnownFileType = sourcecode.swift; name = miscellaneous.swift; path = HMD/miscellaneous.swift; sourceTree = SOURCE_ROOT; };
		A2A1AA4D1EBA1C2A006970E1 /* ViewController.swift */ = {isa = PBXFileReference; fileEncoding = 4; lastKnownFileType = sourcecode.swift; name = ViewController.swift; path = HMD/ViewController.swift; sourceTree = SOURCE_ROOT; };
		A2A1AA591EBA1C39006970E1 /* Assets.xcassets */ = {isa = PBXFileReference; lastKnownFileType = folder.assetcatalog; name = Assets.xcassets; path = HMD/Assets.xcassets; sourceTree = SOURCE_ROOT; };
		A2A1AA5C1EBA1C5C006970E1 /* Base */ = {isa = PBXFileReference; lastKnownFileType = file.storyboard; name = Base; path = HMD/Base.lproj/LaunchScreen.storyboard; sourceTree = SOURCE_ROOT; };
		A2A1AA5E1EBA1C5C006970E1 /* Base */ = {isa = PBXFileReference; lastKnownFileType = file.storyboard; name = Base; path = HMD/Base.lproj/Main.storyboard; sourceTree = SOURCE_ROOT; };
		A2A1AA621EBA1C78006970E1 /* Base */ = {isa = PBXFileReference; lastKnownFileType = file.storyboard; name = Base; path = HMD/Base.lproj/Main.storyboard; sourceTree = SOURCE_ROOT; };
		A2A1AA801EBA1E2C006970E1 /* HMDUITests.xctest */ = {isa = PBXFileReference; explicitFileType = wrapper.cfbundle; includeInIndex = 0; path = HMDUITests.xctest; sourceTree = BUILT_PRODUCTS_DIR; };
		A2A1AA821EBA1E2C006970E1 /* HMDUITests.swift */ = {isa = PBXFileReference; lastKnownFileType = sourcecode.swift; path = HMDUITests.swift; sourceTree = "<group>"; };
		A2A1AA841EBA1E2C006970E1 /* Info.plist */ = {isa = PBXFileReference; lastKnownFileType = text.plist.xml; path = Info.plist; sourceTree = "<group>"; };
		A2A1AA8E1EBA1E36006970E1 /* HMDTests.xctest */ = {isa = PBXFileReference; explicitFileType = wrapper.cfbundle; includeInIndex = 0; path = HMDTests.xctest; sourceTree = BUILT_PRODUCTS_DIR; };
		A2A1AA901EBA1E36006970E1 /* HMDTests.swift */ = {isa = PBXFileReference; lastKnownFileType = sourcecode.swift; path = HMDTests.swift; sourceTree = "<group>"; };
		A2A1AA921EBA1E36006970E1 /* Info.plist */ = {isa = PBXFileReference; lastKnownFileType = text.plist.xml; path = Info.plist; sourceTree = "<group>"; };
		A2B567F21EA4DD6C00ED7ACD /* HUDViewRenderer.swift */ = {isa = PBXFileReference; fileEncoding = 4; lastKnownFileType = sourcecode.swift; path = HUDViewRenderer.swift; sourceTree = "<group>"; };
/* End PBXFileReference section */

/* Begin PBXFrameworksBuildPhase section */
		A24BBF291E56840300EBF428 /* Frameworks */ = {
			isa = PBXFrameworksBuildPhase;
			buildActionMask = 2147483647;
			files = (
			);
			runOnlyForDeploymentPostprocessing = 0;
		};
		A2A1AA7D1EBA1E2C006970E1 /* Frameworks */ = {
			isa = PBXFrameworksBuildPhase;
			buildActionMask = 2147483647;
			files = (
			);
			runOnlyForDeploymentPostprocessing = 0;
		};
		A2A1AA8B1EBA1E36006970E1 /* Frameworks */ = {
			isa = PBXFrameworksBuildPhase;
			buildActionMask = 2147483647;
			files = (
			);
			runOnlyForDeploymentPostprocessing = 0;
		};
/* End PBXFrameworksBuildPhase section */

/* Begin PBXGroup section */
		A24BBF231E56840300EBF428 = {
			isa = PBXGroup;
			children = (
				A24BBF2E1E56840300EBF428 /* HMD */,
				A2A1AA811EBA1E2C006970E1 /* HMDUITests */,
				A2A1AA8F1EBA1E36006970E1 /* HMDTests */,
				A24BBF2D1E56840300EBF428 /* Products */,
			);
			sourceTree = "<group>";
		};
		A24BBF2D1E56840300EBF428 /* Products */ = {
			isa = PBXGroup;
			children = (
				A24BBF2C1E56840300EBF428 /* HMD.app */,
				A2A1AA801EBA1E2C006970E1 /* HMDUITests.xctest */,
				A2A1AA8E1EBA1E36006970E1 /* HMDTests.xctest */,
			);
			name = Products;
			sourceTree = "<group>";
		};
		A24BBF2E1E56840300EBF428 /* HMD */ = {
			isa = PBXGroup;
			children = (
				A2A1AA431EBA1C2A006970E1 /* AppDelegate.swift */,
				A2A1AA4A1EBA1C2A006970E1 /* HUDViewRenderer.swift */,
				A2A1AA4D1EBA1C2A006970E1 /* ViewController.swift */,
				A2A1AA611EBA1C78006970E1 /* Main.storyboard */,
				A2A1AA591EBA1C39006970E1 /* Assets.xcassets */,
				A2A1AA6C1EBA1CDA006970E1 /* HMD.xcdatamodeld */,
				A254BF051EAA2785005E70D9 /* AugmentedReality */,
				A2A1AA4B1EBA1C2A006970E1 /* Info.plist */,
				A254BF0B1EAAE431005E70D9 /* useless */,
			);
			name = HMD;
			path = Stereoscopic;
			sourceTree = "<group>";
		};
		A254BEFD1EA8DDE6005E70D9 /* HMD */ = {
			isa = PBXGroup;
			children = (
				A2A1AA491EBA1C2A006970E1 /* HMDLayer.swift */,
				A28BF8EB1EB05F200097EB4D /* HMDHeading */,
				A2A1AA451EBA1C2A006970E1 /* HMDCommScaleRenderer.swift */,
			);
			name = HMD;
			sourceTree = "<group>";
		};
		A254BF041EAA276C005E70D9 /* HUD */ = {
			isa = PBXGroup;
			children = (
			);
			name = HUD;
			sourceTree = "<group>";
		};
		A254BF051EAA2785005E70D9 /* AugmentedReality */ = {
			isa = PBXGroup;
			children = (
				A2A1AA5B1EBA1C5C006970E1 /* LaunchScreen.storyboard */,
				A2A1AA5D1EBA1C5C006970E1 /* Main.storyboard */,
				A254BF041EAA276C005E70D9 /* HUD */,
				A254BEFD1EA8DDE6005E70D9 /* HMD */,
				A2A1AA4C1EBA1C2A006970E1 /* miscellaneous.swift */,
			);
			name = AugmentedReality;
			sourceTree = "<group>";
		};
		A254BF0B1EAAE431005E70D9 /* useless */ = {
			isa = PBXGroup;
			children = (
				A2B567F21EA4DD6C00ED7ACD /* HUDViewRenderer.swift */,
			);
			name = useless;
			sourceTree = "<group>";
		};
		A28BF8EB1EB05F200097EB4D /* HMDHeading */ = {
			isa = PBXGroup;
			children = (
				A2A1AA471EBA1C2A006970E1 /* HMDHeadingRenderer.swift */,
				A2A1AA481EBA1C2A006970E1 /* HMDHeadingScaleLayerRenderer.swift */,
				A2A1AA461EBA1C2A006970E1 /* HMDHeadingCursorLayerRenderer.swift */,
			);
			name = HMDHeading;
			sourceTree = "<group>";
		};
		A2A1AA811EBA1E2C006970E1 /* HMDUITests */ = {
			isa = PBXGroup;
			children = (
				A2A1AA821EBA1E2C006970E1 /* HMDUITests.swift */,
				A2A1AA841EBA1E2C006970E1 /* Info.plist */,
			);
			path = HMDUITests;
			sourceTree = "<group>";
		};
		A2A1AA8F1EBA1E36006970E1 /* HMDTests */ = {
			isa = PBXGroup;
			children = (
				A2A1AA901EBA1E36006970E1 /* HMDTests.swift */,
				A2A1AA921EBA1E36006970E1 /* Info.plist */,
			);
			path = HMDTests;
			sourceTree = "<group>";
		};
/* End PBXGroup section */

/* Begin PBXNativeTarget section */
		A24BBF2B1E56840300EBF428 /* HMD */ = {
			isa = PBXNativeTarget;
			buildConfigurationList = A24BBF571E56840300EBF428 /* Build configuration list for PBXNativeTarget "HMD" */;
			buildPhases = (
				A24BBF281E56840300EBF428 /* Sources */,
				A24BBF291E56840300EBF428 /* Frameworks */,
				A24BBF2A1E56840300EBF428 /* Resources */,
			);
			buildRules = (
			);
			dependencies = (
			);
			name = HMD;
			productName = Stereoscopic;
			productReference = A24BBF2C1E56840300EBF428 /* HMD.app */;
			productType = "com.apple.product-type.application";
		};
		A2A1AA7F1EBA1E2C006970E1 /* HMDUITests */ = {
			isa = PBXNativeTarget;
			buildConfigurationList = A2A1AA871EBA1E2C006970E1 /* Build configuration list for PBXNativeTarget "HMDUITests" */;
			buildPhases = (
				A2A1AA7C1EBA1E2C006970E1 /* Sources */,
				A2A1AA7D1EBA1E2C006970E1 /* Frameworks */,
				A2A1AA7E1EBA1E2C006970E1 /* Resources */,
			);
			buildRules = (
			);
			dependencies = (
				A2A1AA861EBA1E2C006970E1 /* PBXTargetDependency */,
			);
			name = HMDUITests;
			productName = HMDUITests;
			productReference = A2A1AA801EBA1E2C006970E1 /* HMDUITests.xctest */;
			productType = "com.apple.product-type.bundle.ui-testing";
		};
		A2A1AA8D1EBA1E36006970E1 /* HMDTests */ = {
			isa = PBXNativeTarget;
			buildConfigurationList = A2A1AA951EBA1E36006970E1 /* Build configuration list for PBXNativeTarget "HMDTests" */;
			buildPhases = (
				A2A1AA8A1EBA1E36006970E1 /* Sources */,
				A2A1AA8B1EBA1E36006970E1 /* Frameworks */,
				A2A1AA8C1EBA1E36006970E1 /* Resources */,
			);
			buildRules = (
			);
			dependencies = (
				A2A1AA941EBA1E36006970E1 /* PBXTargetDependency */,
			);
			name = HMDTests;
			productName = HMDTests;
			productReference = A2A1AA8E1EBA1E36006970E1 /* HMDTests.xctest */;
			productType = "com.apple.product-type.bundle.unit-test";
		};
/* End PBXNativeTarget section */

/* Begin PBXProject section */
		A24BBF241E56840300EBF428 /* Project object */ = {
			isa = PBXProject;
			attributes = {
				LastSwiftUpdateCheck = 0830;
				LastUpgradeCheck = 0820;
				ORGANIZATIONNAME = RobertYiJiang;
				TargetAttributes = {
					A24BBF2B1E56840300EBF428 = {
						CreatedOnToolsVersion = 8.2.1;
						DevelopmentTeam = DQK83PW4RV;
						ProvisioningStyle = Automatic;
					};
					A2A1AA7F1EBA1E2C006970E1 = {
						CreatedOnToolsVersion = 8.3.2;
						DevelopmentTeam = DQK83PW4RV;
						ProvisioningStyle = Automatic;
						TestTargetID = A24BBF2B1E56840300EBF428;
					};
					A2A1AA8D1EBA1E36006970E1 = {
						CreatedOnToolsVersion = 8.3.2;
						DevelopmentTeam = DQK83PW4RV;
						ProvisioningStyle = Automatic;
						TestTargetID = A24BBF2B1E56840300EBF428;
					};
				};
			};
			buildConfigurationList = A24BBF271E56840300EBF428 /* Build configuration list for PBXProject "HMD" */;
			compatibilityVersion = "Xcode 3.2";
			developmentRegion = English;
			hasScannedForEncodings = 0;
			knownRegions = (
				en,
				Base,
			);
			mainGroup = A24BBF231E56840300EBF428;
			productRefGroup = A24BBF2D1E56840300EBF428 /* Products */;
			projectDirPath = "";
			projectRoot = "";
			targets = (
				A24BBF2B1E56840300EBF428 /* HMD */,
				A2A1AA7F1EBA1E2C006970E1 /* HMDUITests */,
				A2A1AA8D1EBA1E36006970E1 /* HMDTests */,
			);
		};
/* End PBXProject section */

/* Begin PBXResourcesBuildPhase section */
		A24BBF2A1E56840300EBF428 /* Resources */ = {
			isa = PBXResourcesBuildPhase;
			buildActionMask = 2147483647;
			files = (
				A2A1AA561EBA1C2A006970E1 /* Info.plist in Resources */,
				A2A1AA601EBA1C5C006970E1 /* Main.storyboard in Resources */,
				A2A1AA631EBA1C78006970E1 /* Main.storyboard in Resources */,
				A2A1AA5F1EBA1C5C006970E1 /* LaunchScreen.storyboard in Resources */,
				A2A1AA5A1EBA1C39006970E1 /* Assets.xcassets in Resources */,
			);
			runOnlyForDeploymentPostprocessing = 0;
		};
		A2A1AA7E1EBA1E2C006970E1 /* Resources */ = {
			isa = PBXResourcesBuildPhase;
			buildActionMask = 2147483647;
			files = (
			);
			runOnlyForDeploymentPostprocessing = 0;
		};
		A2A1AA8C1EBA1E36006970E1 /* Resources */ = {
			isa = PBXResourcesBuildPhase;
			buildActionMask = 2147483647;
			files = (
			);
			runOnlyForDeploymentPostprocessing = 0;
		};
/* End PBXResourcesBuildPhase section */

/* Begin PBXSourcesBuildPhase section */
		A24BBF281E56840300EBF428 /* Sources */ = {
			isa = PBXSourcesBuildPhase;
			buildActionMask = 2147483647;
			files = (
				A2A1AA6D1EBA1CDA006970E1 /* HMD.xcdatamodeld in Sources */,
				A2A1AA581EBA1C2A006970E1 /* ViewController.swift in Sources */,
				A2A1AA511EBA1C2A006970E1 /* HMDHeadingCursorLayerRenderer.swift in Sources */,
				A2A1AA4E1EBA1C2A006970E1 /* AppDelegate.swift in Sources */,
				A2A1AA571EBA1C2A006970E1 /* miscellaneous.swift in Sources */,
				A2A1AA501EBA1C2A006970E1 /* HMDCommScaleRenderer.swift in Sources */,
				A2A1AA531EBA1C2A006970E1 /* HMDHeadingScaleLayerRenderer.swift in Sources */,
				A2A1AA541EBA1C2A006970E1 /* HMDLayer.swift in Sources */,
				A2A1AA521EBA1C2A006970E1 /* HMDHeadingRenderer.swift in Sources */,
				A2A1AA551EBA1C2A006970E1 /* HUDViewRenderer.swift in Sources */,
			);
			runOnlyForDeploymentPostprocessing = 0;
		};
		A2A1AA7C1EBA1E2C006970E1 /* Sources */ = {
			isa = PBXSourcesBuildPhase;
			buildActionMask = 2147483647;
			files = (
				A2A1AA831EBA1E2C006970E1 /* HMDUITests.swift in Sources */,
			);
			runOnlyForDeploymentPostprocessing = 0;
		};
		A2A1AA8A1EBA1E36006970E1 /* Sources */ = {
			isa = PBXSourcesBuildPhase;
			buildActionMask = 2147483647;
			files = (
				A2A1AA911EBA1E36006970E1 /* HMDTests.swift in Sources */,
			);
			runOnlyForDeploymentPostprocessing = 0;
		};
/* End PBXSourcesBuildPhase section */

/* Begin PBXTargetDependency section */
		A2A1AA861EBA1E2C006970E1 /* PBXTargetDependency */ = {
			isa = PBXTargetDependency;
			target = A24BBF2B1E56840300EBF428 /* HMD */;
			targetProxy = A2A1AA851EBA1E2C006970E1 /* PBXContainerItemProxy */;
		};
		A2A1AA941EBA1E36006970E1 /* PBXTargetDependency */ = {
			isa = PBXTargetDependency;
			target = A24BBF2B1E56840300EBF428 /* HMD */;
			targetProxy = A2A1AA931EBA1E36006970E1 /* PBXContainerItemProxy */;
		};
/* End PBXTargetDependency section */

/* Begin PBXVariantGroup section */
		A2A1AA5B1EBA1C5C006970E1 /* LaunchScreen.storyboard */ = {
			isa = PBXVariantGroup;
			children = (
				A2A1AA5C1EBA1C5C006970E1 /* Base */,
			);
			name = LaunchScreen.storyboard;
			sourceTree = "<group>";
		};
		A2A1AA5D1EBA1C5C006970E1 /* Main.storyboard */ = {
			isa = PBXVariantGroup;
			children = (
				A2A1AA5E1EBA1C5C006970E1 /* Base */,
			);
			name = Main.storyboard;
			sourceTree = "<group>";
		};
		A2A1AA611EBA1C78006970E1 /* Main.storyboard */ = {
			isa = PBXVariantGroup;
			children = (
				A2A1AA621EBA1C78006970E1 /* Base */,
			);
			name = Main.storyboard;
			sourceTree = "<group>";
		};
/* End PBXVariantGroup section */

/* Begin XCBuildConfiguration section */
		A24BBF551E56840300EBF428 /* Debug */ = {
			isa = XCBuildConfiguration;
			buildSettings = {
				ALWAYS_SEARCH_USER_PATHS = NO;
				CLANG_ANALYZER_NONNULL = YES;
				CLANG_CXX_LANGUAGE_STANDARD = "gnu++0x";
				CLANG_CXX_LIBRARY = "libc++";
				CLANG_ENABLE_MODULES = YES;
				CLANG_ENABLE_OBJC_ARC = YES;
				CLANG_WARN_BOOL_CONVERSION = YES;
				CLANG_WARN_CONSTANT_CONVERSION = YES;
				CLANG_WARN_DIRECT_OBJC_ISA_USAGE = YES_ERROR;
				CLANG_WARN_DOCUMENTATION_COMMENTS = YES;
				CLANG_WARN_EMPTY_BODY = YES;
				CLANG_WARN_ENUM_CONVERSION = YES;
				CLANG_WARN_INFINITE_RECURSION = YES;
				CLANG_WARN_INT_CONVERSION = YES;
				CLANG_WARN_OBJC_ROOT_CLASS = YES_ERROR;
				CLANG_WARN_SUSPICIOUS_MOVE = YES;
				CLANG_WARN_UNREACHABLE_CODE = YES;
				CLANG_WARN__DUPLICATE_METHOD_MATCH = YES;
				"CODE_SIGN_IDENTITY[sdk=iphoneos*]" = "iPhone Developer";
				COPY_PHASE_STRIP = NO;
				DEBUG_INFORMATION_FORMAT = dwarf;
				ENABLE_STRICT_OBJC_MSGSEND = YES;
				ENABLE_TESTABILITY = YES;
				GCC_C_LANGUAGE_STANDARD = gnu99;
				GCC_DYNAMIC_NO_PIC = NO;
				GCC_NO_COMMON_BLOCKS = YES;
				GCC_OPTIMIZATION_LEVEL = 0;
				GCC_PREPROCESSOR_DEFINITIONS = (
					"DEBUG=1",
					"$(inherited)",
				);
				GCC_WARN_64_TO_32_BIT_CONVERSION = YES;
				GCC_WARN_ABOUT_RETURN_TYPE = YES_ERROR;
				GCC_WARN_UNDECLARED_SELECTOR = YES;
				GCC_WARN_UNINITIALIZED_AUTOS = YES_AGGRESSIVE;
				GCC_WARN_UNUSED_FUNCTION = YES;
				GCC_WARN_UNUSED_VARIABLE = YES;
				IPHONEOS_DEPLOYMENT_TARGET = 10.2;
				MTL_ENABLE_DEBUG_INFO = YES;
				ONLY_ACTIVE_ARCH = YES;
				SDKROOT = iphoneos;
				SWIFT_ACTIVE_COMPILATION_CONDITIONS = DEBUG;
				SWIFT_OPTIMIZATION_LEVEL = "-Onone";
			};
			name = Debug;
		};
		A24BBF561E56840300EBF428 /* Release */ = {
			isa = XCBuildConfiguration;
			buildSettings = {
				ALWAYS_SEARCH_USER_PATHS = NO;
				CLANG_ANALYZER_NONNULL = YES;
				CLANG_CXX_LANGUAGE_STANDARD = "gnu++0x";
				CLANG_CXX_LIBRARY = "libc++";
				CLANG_ENABLE_MODULES = YES;
				CLANG_ENABLE_OBJC_ARC = YES;
				CLANG_WARN_BOOL_CONVERSION = YES;
				CLANG_WARN_CONSTANT_CONVERSION = YES;
				CLANG_WARN_DIRECT_OBJC_ISA_USAGE = YES_ERROR;
				CLANG_WARN_DOCUMENTATION_COMMENTS = YES;
				CLANG_WARN_EMPTY_BODY = YES;
				CLANG_WARN_ENUM_CONVERSION = YES;
				CLANG_WARN_INFINITE_RECURSION = YES;
				CLANG_WARN_INT_CONVERSION = YES;
				CLANG_WARN_OBJC_ROOT_CLASS = YES_ERROR;
				CLANG_WARN_SUSPICIOUS_MOVE = YES;
				CLANG_WARN_UNREACHABLE_CODE = YES;
				CLANG_WARN__DUPLICATE_METHOD_MATCH = YES;
				"CODE_SIGN_IDENTITY[sdk=iphoneos*]" = "iPhone Developer";
				COPY_PHASE_STRIP = NO;
				DEBUG_INFORMATION_FORMAT = "dwarf-with-dsym";
				ENABLE_NS_ASSERTIONS = NO;
				ENABLE_STRICT_OBJC_MSGSEND = YES;
				GCC_C_LANGUAGE_STANDARD = gnu99;
				GCC_NO_COMMON_BLOCKS = YES;
				GCC_WARN_64_TO_32_BIT_CONVERSION = YES;
				GCC_WARN_ABOUT_RETURN_TYPE = YES_ERROR;
				GCC_WARN_UNDECLARED_SELECTOR = YES;
				GCC_WARN_UNINITIALIZED_AUTOS = YES_AGGRESSIVE;
				GCC_WARN_UNUSED_FUNCTION = YES;
				GCC_WARN_UNUSED_VARIABLE = YES;
				IPHONEOS_DEPLOYMENT_TARGET = 10.2;
				MTL_ENABLE_DEBUG_INFO = NO;
				SDKROOT = iphoneos;
				SWIFT_OPTIMIZATION_LEVEL = "-Owholemodule";
				VALIDATE_PRODUCT = YES;
			};
			name = Release;
		};
		A24BBF581E56840300EBF428 /* Debug */ = {
			isa = XCBuildConfiguration;
			buildSettings = {
				ASSETCATALOG_COMPILER_APPICON_NAME = AppIcon;
				DEVELOPMENT_TEAM = DQK83PW4RV;
				INFOPLIST_FILE = HMD/Info.plist;
				LD_RUNPATH_SEARCH_PATHS = "$(inherited) @executable_path/Frameworks";
				PRODUCT_BUNDLE_IDENTIFIER = www.siphty.com.HMD;
				PRODUCT_NAME = "$(TARGET_NAME)";
				SWIFT_VERSION = 3.0;
			};
			name = Debug;
		};
		A24BBF591E56840300EBF428 /* Release */ = {
			isa = XCBuildConfiguration;
			buildSettings = {
				ASSETCATALOG_COMPILER_APPICON_NAME = AppIcon;
				DEVELOPMENT_TEAM = DQK83PW4RV;
				INFOPLIST_FILE = HMD/Info.plist;
				LD_RUNPATH_SEARCH_PATHS = "$(inherited) @executable_path/Frameworks";
				PRODUCT_BUNDLE_IDENTIFIER = www.siphty.com.HMD;
				PRODUCT_NAME = "$(TARGET_NAME)";
				SWIFT_VERSION = 3.0;
			};
			name = Release;
		};
		A2A1AA881EBA1E2C006970E1 /* Debug */ = {
			isa = XCBuildConfiguration;
			buildSettings = {
				CLANG_ANALYZER_NUMBER_OBJECT_CONVERSION = YES_AGGRESSIVE;
				DEVELOPMENT_TEAM = DQK83PW4RV;
				INFOPLIST_FILE = HMDUITests/Info.plist;
				IPHONEOS_DEPLOYMENT_TARGET = 10.3;
				LD_RUNPATH_SEARCH_PATHS = "$(inherited) @executable_path/Frameworks @loader_path/Frameworks";
				PRODUCT_BUNDLE_IDENTIFIER = www.siphty.com.HMDUITests;
				PRODUCT_NAME = "$(TARGET_NAME)";
				SWIFT_VERSION = 3.0;
				TEST_TARGET_NAME = HMD;
			};
			name = Debug;
		};
		A2A1AA891EBA1E2C006970E1 /* Release */ = {
			isa = XCBuildConfiguration;
			buildSettings = {
				CLANG_ANALYZER_NUMBER_OBJECT_CONVERSION = YES_AGGRESSIVE;
				DEVELOPMENT_TEAM = DQK83PW4RV;
				INFOPLIST_FILE = HMDUITests/Info.plist;
				IPHONEOS_DEPLOYMENT_TARGET = 10.3;
				LD_RUNPATH_SEARCH_PATHS = "$(inherited) @executable_path/Frameworks @loader_path/Frameworks";
				PRODUCT_BUNDLE_IDENTIFIER = www.siphty.com.HMDUITests;
				PRODUCT_NAME = "$(TARGET_NAME)";
				SWIFT_VERSION = 3.0;
				TEST_TARGET_NAME = HMD;
			};
			name = Release;
		};
		A2A1AA961EBA1E36006970E1 /* Debug */ = {
			isa = XCBuildConfiguration;
			buildSettings = {
				BUNDLE_LOADER = "$(TEST_HOST)";
				CLANG_ANALYZER_NUMBER_OBJECT_CONVERSION = YES_AGGRESSIVE;
				DEVELOPMENT_TEAM = DQK83PW4RV;
				INFOPLIST_FILE = HMDTests/Info.plist;
				IPHONEOS_DEPLOYMENT_TARGET = 10.3;
				LD_RUNPATH_SEARCH_PATHS = "$(inherited) @executable_path/Frameworks @loader_path/Frameworks";
				PRODUCT_BUNDLE_IDENTIFIER = www.siphty.com.HMDTests;
				PRODUCT_NAME = "$(TARGET_NAME)";
				SWIFT_VERSION = 3.0;
				TEST_HOST = "$(BUILT_PRODUCTS_DIR)/HMD.app/HMD";
			};
			name = Debug;
		};
		A2A1AA971EBA1E36006970E1 /* Release */ = {
			isa = XCBuildConfiguration;
			buildSettings = {
				BUNDLE_LOADER = "$(TEST_HOST)";
				CLANG_ANALYZER_NUMBER_OBJECT_CONVERSION = YES_AGGRESSIVE;
				DEVELOPMENT_TEAM = DQK83PW4RV;
				INFOPLIST_FILE = HMDTests/Info.plist;
				IPHONEOS_DEPLOYMENT_TARGET = 10.3;
				LD_RUNPATH_SEARCH_PATHS = "$(inherited) @executable_path/Frameworks @loader_path/Frameworks";
				PRODUCT_BUNDLE_IDENTIFIER = www.siphty.com.HMDTests;
				PRODUCT_NAME = "$(TARGET_NAME)";
				SWIFT_VERSION = 3.0;
				TEST_HOST = "$(BUILT_PRODUCTS_DIR)/HMD.app/HMD";
			};
			name = Release;
		};
/* End XCBuildConfiguration section */

/* Begin XCConfigurationList section */
		A24BBF271E56840300EBF428 /* Build configuration list for PBXProject "HMD" */ = {
			isa = XCConfigurationList;
			buildConfigurations = (
				A24BBF551E56840300EBF428 /* Debug */,
				A24BBF561E56840300EBF428 /* Release */,
			);
			defaultConfigurationIsVisible = 0;
			defaultConfigurationName = Release;
		};
		A24BBF571E56840300EBF428 /* Build configuration list for PBXNativeTarget "HMD" */ = {
			isa = XCConfigurationList;
			buildConfigurations = (
				A24BBF581E56840300EBF428 /* Debug */,
				A24BBF591E56840300EBF428 /* Release */,
			);
			defaultConfigurationIsVisible = 0;
			defaultConfigurationName = Release;
		};
		A2A1AA871EBA1E2C006970E1 /* Build configuration list for PBXNativeTarget "HMDUITests" */ = {
			isa = XCConfigurationList;
			buildConfigurations = (
				A2A1AA881EBA1E2C006970E1 /* Debug */,
				A2A1AA891EBA1E2C006970E1 /* Release */,
			);
			defaultConfigurationIsVisible = 0;
		};
		A2A1AA951EBA1E36006970E1 /* Build configuration list for PBXNativeTarget "HMDTests" */ = {
			isa = XCConfigurationList;
			buildConfigurations = (
				A2A1AA961EBA1E36006970E1 /* Debug */,
				A2A1AA971EBA1E36006970E1 /* Release */,
			);
			defaultConfigurationIsVisible = 0;
		};
/* End XCConfigurationList section */

/* Begin XCVersionGroup section */
		A2A1AA6C1EBA1CDA006970E1 /* HMD.xcdatamodeld */ = {
			isa = XCVersionGroup;
			children = (
			);
			name = HMD.xcdatamodeld;
			path = ../HMD/HMD.xcdatamodeld;
			sourceTree = "<group>";
			versionGroupType = wrapper.xcdatamodel;
		};
/* End XCVersionGroup section */
	};
	rootObject = A24BBF241E56840300EBF428 /* Project object */;
}
